// !$*UTF8*$!
{
	archiveVersion = 1;
	classes = {
	};
	objectVersion = 45;
	objects = {

/* Begin PBXBuildFile section */
		1D3623260D0F684500981E51 /* Test1AppDelegate.m in Sources */ = {isa = PBXBuildFile; fileRef = 1D3623250D0F684500981E51 /* Test1AppDelegate.m */; };
		1D60589B0D05DD56006BFB54 /* main.m in Sources */ = {isa = PBXBuildFile; fileRef = 29B97316FDCFA39411CA2CEA /* main.m */; };
		1D60589F0D05DD5A006BFB54 /* Foundation.framework in Frameworks */ = {isa = PBXBuildFile; fileRef = 1D30AB110D05D00D00671497 /* Foundation.framework */; };
		1DF5F4E00D08C38300B7A737 /* UIKit.framework in Frameworks */ = {isa = PBXBuildFile; fileRef = 1DF5F4DF0D08C38300B7A737 /* UIKit.framework */; };
		288765FD0DF74451002DB57D /* CoreGraphics.framework in Frameworks */ = {isa = PBXBuildFile; fileRef = 288765FC0DF74451002DB57D /* CoreGraphics.framework */; };
		28AD733F0D9D9553002E5188 /* MainWindow.xib in Resources */ = {isa = PBXBuildFile; fileRef = 28AD733E0D9D9553002E5188 /* MainWindow.xib */; };
		B832FA0E10B26FBB00F50C41 /* GroupiesNavigationController.m in Sources */ = {isa = PBXBuildFile; fileRef = B832FA0D10B26FBB00F50C41 /* GroupiesNavigationController.m */; };
		B8632D8410B013F10025684E /* groupies.plist in Resources */ = {isa = PBXBuildFile; fileRef = B8632D8310B013F10025684E /* groupies.plist */; };
		B8632DC210B026140025684E /* NSDictionary-MutableDeepCopy.m in Sources */ = {isa = PBXBuildFile; fileRef = B8632DC110B026140025684E /* NSDictionary-MutableDeepCopy.m */; };
		B86A54AC10B2740D00A946C7 /* MyGroupNavigationController.m in Sources */ = {isa = PBXBuildFile; fileRef = B86A54AB10B2740D00A946C7 /* MyGroupNavigationController.m */; };
		B86A54B910B2778300A946C7 /* GroupiesDetailViewController.m in Sources */ = {isa = PBXBuildFile; fileRef = B86A54B710B2778300A946C7 /* GroupiesDetailViewController.m */; };
		B86A54BA10B2778300A946C7 /* GroupiesDetailViewController.xib in Resources */ = {isa = PBXBuildFile; fileRef = B86A54B810B2778300A946C7 /* GroupiesDetailViewController.xib */; };
		B873402110B27F0F00F24336 /* BurbleDataManager.m in Sources */ = {isa = PBXBuildFile; fileRef = B873402010B27F0F00F24336 /* BurbleDataManager.m */; };
		B8E46A1B10AFBCB2000A27C5 /* FBConnectGlobal.m in Sources */ = {isa = PBXBuildFile; fileRef = B8E46A1010AFBCB2000A27C5 /* FBConnectGlobal.m */; };
		B8E46A1C10AFBCB2000A27C5 /* FBDialog.m in Sources */ = {isa = PBXBuildFile; fileRef = B8E46A1110AFBCB2000A27C5 /* FBDialog.m */; };
		B8E46A1D10AFBCB2000A27C5 /* FBFeedDialog.m in Sources */ = {isa = PBXBuildFile; fileRef = B8E46A1210AFBCB2000A27C5 /* FBFeedDialog.m */; };
		B8E46A1E10AFBCB2000A27C5 /* FBLoginButton.m in Sources */ = {isa = PBXBuildFile; fileRef = B8E46A1310AFBCB2000A27C5 /* FBLoginButton.m */; };
		B8E46A1F10AFBCB2000A27C5 /* FBLoginDialog.m in Sources */ = {isa = PBXBuildFile; fileRef = B8E46A1410AFBCB2000A27C5 /* FBLoginDialog.m */; };
		B8E46A2010AFBCB2000A27C5 /* FBPermissionDialog.m in Sources */ = {isa = PBXBuildFile; fileRef = B8E46A1510AFBCB2000A27C5 /* FBPermissionDialog.m */; };
		B8E46A2110AFBCB2000A27C5 /* FBRequest.m in Sources */ = {isa = PBXBuildFile; fileRef = B8E46A1610AFBCB2000A27C5 /* FBRequest.m */; };
		B8E46A2210AFBCB2000A27C5 /* FBSession.m in Sources */ = {isa = PBXBuildFile; fileRef = B8E46A1710AFBCB2000A27C5 /* FBSession.m */; };
		B8E46A2310AFBCB2000A27C5 /* FBStreamDialog.m in Sources */ = {isa = PBXBuildFile; fileRef = B8E46A1810AFBCB2000A27C5 /* FBStreamDialog.m */; };
		B8E46A2410AFBCB2000A27C5 /* FBXMLHandler.m in Sources */ = {isa = PBXBuildFile; fileRef = B8E46A1A10AFBCB2000A27C5 /* FBXMLHandler.m */; };
		DA71078E10A295B100DAD536 /* 103-map.png in Resources */ = {isa = PBXBuildFile; fileRef = DA71078D10A295B100DAD536 /* 103-map.png */; };
		DA71079010A295E400DAD536 /* map-marker.png in Resources */ = {isa = PBXBuildFile; fileRef = DA71078F10A295E400DAD536 /* map-marker.png */; };
		DA71079E10A2973200DAD536 /* 74-location.png in Resources */ = {isa = PBXBuildFile; fileRef = DA71079D10A2973200DAD536 /* 74-location.png */; };
		DA7107A210A297A700DAD536 /* 08-chat.png in Resources */ = {isa = PBXBuildFile; fileRef = DA7107A110A297A700DAD536 /* 08-chat.png */; };
		DA7107A410A297AD00DAD536 /* 09-chat2.png in Resources */ = {isa = PBXBuildFile; fileRef = DA7107A310A297AD00DAD536 /* 09-chat2.png */; };
		DA7107A910A299F800DAD536 /* 59-flag.png in Resources */ = {isa = PBXBuildFile; fileRef = DA7107A810A299F800DAD536 /* 59-flag.png */; };
		DA7107C110A29C2700DAD536 /* 30x-Chat.png in Resources */ = {isa = PBXBuildFile; fileRef = DA7107BF10A29C2700DAD536 /* 30x-Chat.png */; };
		DA7107C210A29C2700DAD536 /* 30x-Chats.png in Resources */ = {isa = PBXBuildFile; fileRef = DA7107C010A29C2700DAD536 /* 30x-Chats.png */; };
		DA7107C410A29C9300DAD536 /* 30x-Scanner.png in Resources */ = {isa = PBXBuildFile; fileRef = DA7107C310A29C9300DAD536 /* 30x-Scanner.png */; };
		DA7107C710A29D6D00DAD536 /* icon_user.png in Resources */ = {isa = PBXBuildFile; fileRef = DA7107C510A29D6D00DAD536 /* icon_user.png */; };
		DA7107C810A29D6D00DAD536 /* icon_users.png in Resources */ = {isa = PBXBuildFile; fileRef = DA7107C610A29D6D00DAD536 /* icon_users.png */; };
		DAE6556C10A25042007BB25E /* MapViewController.m in Sources */ = {isa = PBXBuildFile; fileRef = DAE6556A10A25042007BB25E /* MapViewController.m */; };
		DAE6556D10A25042007BB25E /* MapViewController.xib in Resources */ = {isa = PBXBuildFile; fileRef = DAE6556B10A25042007BB25E /* MapViewController.xib */; };
		DAE6558310A250B9007BB25E /* MyGroupViewController.m in Sources */ = {isa = PBXBuildFile; fileRef = DAE6558110A250B9007BB25E /* MyGroupViewController.m */; };
		DAE6558410A250B9007BB25E /* MyGroupViewController.xib in Resources */ = {isa = PBXBuildFile; fileRef = DAE6558210A250B9007BB25E /* MyGroupViewController.xib */; };
		DAE6558A10A250D0007BB25E /* GroupiesViewController.m in Sources */ = {isa = PBXBuildFile; fileRef = DAE6558810A250D0007BB25E /* GroupiesViewController.m */; };
		DAE6558B10A250D0007BB25E /* GroupiesViewController.xib in Resources */ = {isa = PBXBuildFile; fileRef = DAE6558910A250D0007BB25E /* GroupiesViewController.xib */; };
		DAE6559110A250FB007BB25E /* FeedViewController.m in Sources */ = {isa = PBXBuildFile; fileRef = DAE6558F10A250FB007BB25E /* FeedViewController.m */; };
		DAE6559210A250FB007BB25E /* FeedViewController.xib in Resources */ = {isa = PBXBuildFile; fileRef = DAE6559010A250FB007BB25E /* FeedViewController.xib */; };
		DAE6559A10A25DBC007BB25E /* Icon2.png in Resources */ = {isa = PBXBuildFile; fileRef = DAE6559910A25DBC007BB25E /* Icon2.png */; };
		DAE655B410A26C38007BB25E /* MapKit.framework in Frameworks */ = {isa = PBXBuildFile; fileRef = DAE655B310A26C38007BB25E /* MapKit.framework */; };
		DAE6562010A2745E007BB25E /* CoreLocation.framework in Frameworks */ = {isa = PBXBuildFile; fileRef = DAE6561F10A2745E007BB25E /* CoreLocation.framework */; };
/* End PBXBuildFile section */

/* Begin PBXFileReference section */
		1D30AB110D05D00D00671497 /* Foundation.framework */ = {isa = PBXFileReference; lastKnownFileType = wrapper.framework; name = Foundation.framework; path = System/Library/Frameworks/Foundation.framework; sourceTree = SDKROOT; };
		1D3623240D0F684500981E51 /* Test1AppDelegate.h */ = {isa = PBXFileReference; fileEncoding = 4; lastKnownFileType = sourcecode.c.h; path = Test1AppDelegate.h; sourceTree = "<group>"; };
		1D3623250D0F684500981E51 /* Test1AppDelegate.m */ = {isa = PBXFileReference; fileEncoding = 4; lastKnownFileType = sourcecode.c.objc; path = Test1AppDelegate.m; sourceTree = "<group>"; };
		1D6058910D05DD3D006BFB54 /* Test1.app */ = {isa = PBXFileReference; explicitFileType = wrapper.application; includeInIndex = 0; path = Test1.app; sourceTree = BUILT_PRODUCTS_DIR; };
		1DF5F4DF0D08C38300B7A737 /* UIKit.framework */ = {isa = PBXFileReference; lastKnownFileType = wrapper.framework; name = UIKit.framework; path = System/Library/Frameworks/UIKit.framework; sourceTree = SDKROOT; };
		288765FC0DF74451002DB57D /* CoreGraphics.framework */ = {isa = PBXFileReference; lastKnownFileType = wrapper.framework; name = CoreGraphics.framework; path = System/Library/Frameworks/CoreGraphics.framework; sourceTree = SDKROOT; };
		28AD733E0D9D9553002E5188 /* MainWindow.xib */ = {isa = PBXFileReference; lastKnownFileType = file.xib; path = MainWindow.xib; sourceTree = "<group>"; };
		29B97316FDCFA39411CA2CEA /* main.m */ = {isa = PBXFileReference; fileEncoding = 4; lastKnownFileType = sourcecode.c.objc; path = main.m; sourceTree = "<group>"; };
		32CA4F630368D1EE00C91783 /* Test1_Prefix.pch */ = {isa = PBXFileReference; fileEncoding = 4; lastKnownFileType = sourcecode.c.h; path = Test1_Prefix.pch; sourceTree = "<group>"; };
		8D1107310486CEB800E47090 /* Test1-Info.plist */ = {isa = PBXFileReference; fileEncoding = 4; lastKnownFileType = text.plist.xml; path = "Test1-Info.plist"; plistStructureDefinitionIdentifier = "com.apple.xcode.plist.structure-definition.iphone.info-plist"; sourceTree = "<group>"; };
		B832FA0C10B26FBB00F50C41 /* GroupiesNavigationController.h */ = {isa = PBXFileReference; fileEncoding = 4; lastKnownFileType = sourcecode.c.h; path = GroupiesNavigationController.h; sourceTree = "<group>"; };
		B832FA0D10B26FBB00F50C41 /* GroupiesNavigationController.m */ = {isa = PBXFileReference; fileEncoding = 4; lastKnownFileType = sourcecode.c.objc; path = GroupiesNavigationController.m; sourceTree = "<group>"; };
		B8632D8310B013F10025684E /* groupies.plist */ = {isa = PBXFileReference; fileEncoding = 4; lastKnownFileType = text.plist.xml; path = groupies.plist; sourceTree = SOURCE_ROOT; };
		B8632D9110B025AC0025684E /* NSDictionary-MutableDeepCopy.h */ = {isa = PBXFileReference; fileEncoding = 4; lastKnownFileType = sourcecode.c.h; name = "NSDictionary-MutableDeepCopy.h"; path = "../NSDictionary-MutableDeepCopy.h"; sourceTree = "<group>"; };
		B8632DC110B026140025684E /* NSDictionary-MutableDeepCopy.m */ = {isa = PBXFileReference; fileEncoding = 4; lastKnownFileType = sourcecode.c.objc; path = "NSDictionary-MutableDeepCopy.m"; sourceTree = "<group>"; };
		B86A54AA10B2740D00A946C7 /* MyGroupNavigationController.h */ = {isa = PBXFileReference; fileEncoding = 4; lastKnownFileType = sourcecode.c.h; path = MyGroupNavigationController.h; sourceTree = "<group>"; };
		B86A54AB10B2740D00A946C7 /* MyGroupNavigationController.m */ = {isa = PBXFileReference; fileEncoding = 4; lastKnownFileType = sourcecode.c.objc; path = MyGroupNavigationController.m; sourceTree = "<group>"; };
		B86A54B610B2778300A946C7 /* GroupiesDetailViewController.h */ = {isa = PBXFileReference; fileEncoding = 4; lastKnownFileType = sourcecode.c.h; path = GroupiesDetailViewController.h; sourceTree = "<group>"; };
		B86A54B710B2778300A946C7 /* GroupiesDetailViewController.m */ = {isa = PBXFileReference; fileEncoding = 4; lastKnownFileType = sourcecode.c.objc; path = GroupiesDetailViewController.m; sourceTree = "<group>"; };
		B86A54B810B2778300A946C7 /* GroupiesDetailViewController.xib */ = {isa = PBXFileReference; lastKnownFileType = file.xib; path = GroupiesDetailViewController.xib; sourceTree = "<group>"; };
		B873401F10B27F0F00F24336 /* BurbleDataManager.h */ = {isa = PBXFileReference; fileEncoding = 4; lastKnownFileType = sourcecode.c.h; path = BurbleDataManager.h; sourceTree = "<group>"; };
		B873402010B27F0F00F24336 /* BurbleDataManager.m */ = {isa = PBXFileReference; fileEncoding = 4; lastKnownFileType = sourcecode.c.objc; path = BurbleDataManager.m; sourceTree = "<group>"; };
		B8E46A0610AFBCB2000A27C5 /* FBConnect.h */ = {isa = PBXFileReference; fileEncoding = 4; lastKnownFileType = sourcecode.c.h; path = FBConnect.h; sourceTree = "<group>"; };
		B8E46A0710AFBCB2000A27C5 /* FBConnectGlobal.h */ = {isa = PBXFileReference; fileEncoding = 4; lastKnownFileType = sourcecode.c.h; path = FBConnectGlobal.h; sourceTree = "<group>"; };
		B8E46A0810AFBCB2000A27C5 /* FBDialog.h */ = {isa = PBXFileReference; fileEncoding = 4; lastKnownFileType = sourcecode.c.h; path = FBDialog.h; sourceTree = "<group>"; };
		B8E46A0910AFBCB2000A27C5 /* FBFeedDialog.h */ = {isa = PBXFileReference; fileEncoding = 4; lastKnownFileType = sourcecode.c.h; path = FBFeedDialog.h; sourceTree = "<group>"; };
		B8E46A0A10AFBCB2000A27C5 /* FBLoginButton.h */ = {isa = PBXFileReference; fileEncoding = 4; lastKnownFileType = sourcecode.c.h; path = FBLoginButton.h; sourceTree = "<group>"; };
		B8E46A0B10AFBCB2000A27C5 /* FBLoginDialog.h */ = {isa = PBXFileReference; fileEncoding = 4; lastKnownFileType = sourcecode.c.h; path = FBLoginDialog.h; sourceTree = "<group>"; };
		B8E46A0C10AFBCB2000A27C5 /* FBPermissionDialog.h */ = {isa = PBXFileReference; fileEncoding = 4; lastKnownFileType = sourcecode.c.h; path = FBPermissionDialog.h; sourceTree = "<group>"; };
		B8E46A0D10AFBCB2000A27C5 /* FBRequest.h */ = {isa = PBXFileReference; fileEncoding = 4; lastKnownFileType = sourcecode.c.h; path = FBRequest.h; sourceTree = "<group>"; };
		B8E46A0E10AFBCB2000A27C5 /* FBSession.h */ = {isa = PBXFileReference; fileEncoding = 4; lastKnownFileType = sourcecode.c.h; path = FBSession.h; sourceTree = "<group>"; };
		B8E46A0F10AFBCB2000A27C5 /* FBStreamDialog.h */ = {isa = PBXFileReference; fileEncoding = 4; lastKnownFileType = sourcecode.c.h; path = FBStreamDialog.h; sourceTree = "<group>"; };
		B8E46A1010AFBCB2000A27C5 /* FBConnectGlobal.m */ = {isa = PBXFileReference; fileEncoding = 4; lastKnownFileType = sourcecode.c.objc; path = FBConnectGlobal.m; sourceTree = "<group>"; };
		B8E46A1110AFBCB2000A27C5 /* FBDialog.m */ = {isa = PBXFileReference; fileEncoding = 4; lastKnownFileType = sourcecode.c.objc; path = FBDialog.m; sourceTree = "<group>"; };
		B8E46A1210AFBCB2000A27C5 /* FBFeedDialog.m */ = {isa = PBXFileReference; fileEncoding = 4; lastKnownFileType = sourcecode.c.objc; path = FBFeedDialog.m; sourceTree = "<group>"; };
		B8E46A1310AFBCB2000A27C5 /* FBLoginButton.m */ = {isa = PBXFileReference; fileEncoding = 4; lastKnownFileType = sourcecode.c.objc; path = FBLoginButton.m; sourceTree = "<group>"; };
		B8E46A1410AFBCB2000A27C5 /* FBLoginDialog.m */ = {isa = PBXFileReference; fileEncoding = 4; lastKnownFileType = sourcecode.c.objc; path = FBLoginDialog.m; sourceTree = "<group>"; };
		B8E46A1510AFBCB2000A27C5 /* FBPermissionDialog.m */ = {isa = PBXFileReference; fileEncoding = 4; lastKnownFileType = sourcecode.c.objc; path = FBPermissionDialog.m; sourceTree = "<group>"; };
		B8E46A1610AFBCB2000A27C5 /* FBRequest.m */ = {isa = PBXFileReference; fileEncoding = 4; lastKnownFileType = sourcecode.c.objc; path = FBRequest.m; sourceTree = "<group>"; };
		B8E46A1710AFBCB2000A27C5 /* FBSession.m */ = {isa = PBXFileReference; fileEncoding = 4; lastKnownFileType = sourcecode.c.objc; path = FBSession.m; sourceTree = "<group>"; };
		B8E46A1810AFBCB2000A27C5 /* FBStreamDialog.m */ = {isa = PBXFileReference; fileEncoding = 4; lastKnownFileType = sourcecode.c.objc; path = FBStreamDialog.m; sourceTree = "<group>"; };
		B8E46A1910AFBCB2000A27C5 /* FBXMLHandler.h */ = {isa = PBXFileReference; fileEncoding = 4; lastKnownFileType = sourcecode.c.h; path = FBXMLHandler.h; sourceTree = "<group>"; };
		B8E46A1A10AFBCB2000A27C5 /* FBXMLHandler.m */ = {isa = PBXFileReference; fileEncoding = 4; lastKnownFileType = sourcecode.c.objc; path = FBXMLHandler.m; sourceTree = "<group>"; };
		DA71078D10A295B100DAD536 /* 103-map.png */ = {isa = PBXFileReference; lastKnownFileType = image.png; path = "103-map.png"; sourceTree = "<group>"; };
		DA71078F10A295E400DAD536 /* map-marker.png */ = {isa = PBXFileReference; lastKnownFileType = image.png; path = "map-marker.png"; sourceTree = "<group>"; };
		DA71079D10A2973200DAD536 /* 74-location.png */ = {isa = PBXFileReference; lastKnownFileType = image.png; path = "74-location.png"; sourceTree = "<group>"; };
		DA7107A110A297A700DAD536 /* 08-chat.png */ = {isa = PBXFileReference; lastKnownFileType = image.png; path = "08-chat.png"; sourceTree = "<group>"; };
		DA7107A310A297AD00DAD536 /* 09-chat2.png */ = {isa = PBXFileReference; lastKnownFileType = image.png; path = "09-chat2.png"; sourceTree = "<group>"; };
		DA7107A810A299F800DAD536 /* 59-flag.png */ = {isa = PBXFileReference; lastKnownFileType = image.png; path = "59-flag.png"; sourceTree = "<group>"; };
		DA7107BF10A29C2700DAD536 /* 30x-Chat.png */ = {isa = PBXFileReference; lastKnownFileType = image.png; path = "30x-Chat.png"; sourceTree = "<group>"; };
		DA7107C010A29C2700DAD536 /* 30x-Chats.png */ = {isa = PBXFileReference; lastKnownFileType = image.png; path = "30x-Chats.png"; sourceTree = "<group>"; };
		DA7107C310A29C9300DAD536 /* 30x-Scanner.png */ = {isa = PBXFileReference; lastKnownFileType = image.png; path = "30x-Scanner.png"; sourceTree = "<group>"; };
		DA7107C510A29D6D00DAD536 /* icon_user.png */ = {isa = PBXFileReference; lastKnownFileType = image.png; path = icon_user.png; sourceTree = "<group>"; };
		DA7107C610A29D6D00DAD536 /* icon_users.png */ = {isa = PBXFileReference; lastKnownFileType = image.png; path = icon_users.png; sourceTree = "<group>"; };
		DAE6556910A25042007BB25E /* MapViewController.h */ = {isa = PBXFileReference; fileEncoding = 4; lastKnownFileType = sourcecode.c.h; name = MapViewController.h; path = ../MapViewController.h; sourceTree = "<group>"; };
		DAE6556A10A25042007BB25E /* MapViewController.m */ = {isa = PBXFileReference; fileEncoding = 4; lastKnownFileType = sourcecode.c.objc; name = MapViewController.m; path = ../MapViewController.m; sourceTree = "<group>"; };
		DAE6556B10A25042007BB25E /* MapViewController.xib */ = {isa = PBXFileReference; lastKnownFileType = file.xib; name = MapViewController.xib; path = ../MapViewController.xib; sourceTree = "<group>"; };
		DAE6558010A250B9007BB25E /* MyGroupViewController.h */ = {isa = PBXFileReference; fileEncoding = 4; lastKnownFileType = sourcecode.c.h; path = MyGroupViewController.h; sourceTree = "<group>"; };
		DAE6558110A250B9007BB25E /* MyGroupViewController.m */ = {isa = PBXFileReference; fileEncoding = 4; lastKnownFileType = sourcecode.c.objc; path = MyGroupViewController.m; sourceTree = "<group>"; };
		DAE6558210A250B9007BB25E /* MyGroupViewController.xib */ = {isa = PBXFileReference; lastKnownFileType = file.xib; path = MyGroupViewController.xib; sourceTree = "<group>"; };
		DAE6558710A250D0007BB25E /* GroupiesViewController.h */ = {isa = PBXFileReference; fileEncoding = 4; lastKnownFileType = sourcecode.c.h; path = GroupiesViewController.h; sourceTree = "<group>"; };
		DAE6558810A250D0007BB25E /* GroupiesViewController.m */ = {isa = PBXFileReference; fileEncoding = 4; lastKnownFileType = sourcecode.c.objc; path = GroupiesViewController.m; sourceTree = "<group>"; };
		DAE6558910A250D0007BB25E /* GroupiesViewController.xib */ = {isa = PBXFileReference; lastKnownFileType = file.xib; path = GroupiesViewController.xib; sourceTree = "<group>"; };
		DAE6558E10A250FB007BB25E /* FeedViewController.h */ = {isa = PBXFileReference; fileEncoding = 4; lastKnownFileType = sourcecode.c.h; path = FeedViewController.h; sourceTree = "<group>"; };
		DAE6558F10A250FB007BB25E /* FeedViewController.m */ = {isa = PBXFileReference; fileEncoding = 4; lastKnownFileType = sourcecode.c.objc; path = FeedViewController.m; sourceTree = "<group>"; };
		DAE6559010A250FB007BB25E /* FeedViewController.xib */ = {isa = PBXFileReference; lastKnownFileType = file.xib; path = FeedViewController.xib; sourceTree = "<group>"; };
		DAE6559910A25DBC007BB25E /* Icon2.png */ = {isa = PBXFileReference; lastKnownFileType = image.png; path = Icon2.png; sourceTree = "<group>"; };
		DAE655B310A26C38007BB25E /* MapKit.framework */ = {isa = PBXFileReference; lastKnownFileType = wrapper.framework; name = MapKit.framework; path = System/Library/Frameworks/MapKit.framework; sourceTree = SDKROOT; };
		DAE6561F10A2745E007BB25E /* CoreLocation.framework */ = {isa = PBXFileReference; lastKnownFileType = wrapper.framework; name = CoreLocation.framework; path = System/Library/Frameworks/CoreLocation.framework; sourceTree = SDKROOT; };
/* End PBXFileReference section */

/* Begin PBXFrameworksBuildPhase section */
		1D60588F0D05DD3D006BFB54 /* Frameworks */ = {
			isa = PBXFrameworksBuildPhase;
			buildActionMask = 2147483647;
			files = (
				1D60589F0D05DD5A006BFB54 /* Foundation.framework in Frameworks */,
				1DF5F4E00D08C38300B7A737 /* UIKit.framework in Frameworks */,
				288765FD0DF74451002DB57D /* CoreGraphics.framework in Frameworks */,
				DAE655B410A26C38007BB25E /* MapKit.framework in Frameworks */,
				DAE6562010A2745E007BB25E /* CoreLocation.framework in Frameworks */,
			);
			runOnlyForDeploymentPostprocessing = 0;
		};
/* End PBXFrameworksBuildPhase section */

/* Begin PBXGroup section */
		080E96DDFE201D6D7F000001 /* Classes */ = {
			isa = PBXGroup;
			children = (
				B873401E10B27EF400F24336 /* Model */,
				B832F9B210B2644500F50C41 /* Controller */,
				B8632D9110B025AC0025684E /* NSDictionary-MutableDeepCopy.h */,
				B8632DC110B026140025684E /* NSDictionary-MutableDeepCopy.m */,
				1D3623240D0F684500981E51 /* Test1AppDelegate.h */,
				1D3623250D0F684500981E51 /* Test1AppDelegate.m */,
			);
			path = Classes;
			sourceTree = "<group>";
		};
		19C28FACFE9D520D11CA2CBB /* Products */ = {
			isa = PBXGroup;
			children = (
				1D6058910D05DD3D006BFB54 /* Test1.app */,
			);
			name = Products;
			sourceTree = "<group>";
		};
		29B97314FDCFA39411CA2CEA /* CustomTemplate */ = {
			isa = PBXGroup;
			children = (
				B8E46A0510AFBCB2000A27C5 /* FBConnect */,
				B8E46A1010AFBCB2000A27C5 /* FBConnectGlobal.m */,
				B8E46A1110AFBCB2000A27C5 /* FBDialog.m */,
				B8E46A1210AFBCB2000A27C5 /* FBFeedDialog.m */,
				B8E46A1310AFBCB2000A27C5 /* FBLoginButton.m */,
				B8E46A1410AFBCB2000A27C5 /* FBLoginDialog.m */,
				B8E46A1510AFBCB2000A27C5 /* FBPermissionDialog.m */,
				B8E46A1610AFBCB2000A27C5 /* FBRequest.m */,
				B8E46A1710AFBCB2000A27C5 /* FBSession.m */,
				B8E46A1810AFBCB2000A27C5 /* FBStreamDialog.m */,
				B8E46A1910AFBCB2000A27C5 /* FBXMLHandler.h */,
				B8E46A1A10AFBCB2000A27C5 /* FBXMLHandler.m */,
				080E96DDFE201D6D7F000001 /* Classes */,
				29B97315FDCFA39411CA2CEA /* Other Sources */,
				29B97317FDCFA39411CA2CEA /* Resources */,
				29B97323FDCFA39411CA2CEA /* Frameworks */,
				19C28FACFE9D520D11CA2CBB /* Products */,
			);
			name = CustomTemplate;
			sourceTree = "<group>";
		};
		29B97315FDCFA39411CA2CEA /* Other Sources */ = {
			isa = PBXGroup;
			children = (
				32CA4F630368D1EE00C91783 /* Test1_Prefix.pch */,
				29B97316FDCFA39411CA2CEA /* main.m */,
			);
			name = "Other Sources";
			sourceTree = "<group>";
		};
		29B97317FDCFA39411CA2CEA /* Resources */ = {
			isa = PBXGroup;
			children = (
				DA7107BF10A29C2700DAD536 /* 30x-Chat.png */,
				B8632D8310B013F10025684E /* groupies.plist */,
				DA7107C510A29D6D00DAD536 /* icon_user.png */,
				DA7107C610A29D6D00DAD536 /* icon_users.png */,
				DA7107C010A29C2700DAD536 /* 30x-Chats.png */,
				DA7107C310A29C9300DAD536 /* 30x-Scanner.png */,
				DA71079D10A2973200DAD536 /* 74-location.png */,
				DA7107A810A299F800DAD536 /* 59-flag.png */,
				DA7107A110A297A700DAD536 /* 08-chat.png */,
				DA71078F10A295E400DAD536 /* map-marker.png */,
				DA71078D10A295B100DAD536 /* 103-map.png */,
				DAE6559910A25DBC007BB25E /* Icon2.png */,
				28AD733E0D9D9553002E5188 /* MainWindow.xib */,
				DA7107A310A297AD00DAD536 /* 09-chat2.png */,
				8D1107310486CEB800E47090 /* Test1-Info.plist */,
			);
			name = Resources;
			sourceTree = "<group>";
		};
		29B97323FDCFA39411CA2CEA /* Frameworks */ = {
			isa = PBXGroup;
			children = (
				DAE6561F10A2745E007BB25E /* CoreLocation.framework */,
				DAE655B310A26C38007BB25E /* MapKit.framework */,
				1DF5F4DF0D08C38300B7A737 /* UIKit.framework */,
				1D30AB110D05D00D00671497 /* Foundation.framework */,
				288765FC0DF74451002DB57D /* CoreGraphics.framework */,
			);
			name = Frameworks;
			sourceTree = "<group>";
		};
		B832F9B210B2644500F50C41 /* Controller */ = {
			isa = PBXGroup;
			children = (
				B832F9B710B2646200F50C41 /* MyGroup */,
				B832F9B610B2645B00F50C41 /* Feed */,
				B832F9B510B2645600F50C41 /* Map */,
				B832F9B410B2644E00F50C41 /* Groupies */,
			);
			name = Controller;
			sourceTree = "<group>";
		};
		B832F9B410B2644E00F50C41 /* Groupies */ = {
			isa = PBXGroup;
			children = (
				DAE6558710A250D0007BB25E /* GroupiesViewController.h */,
				DAE6558810A250D0007BB25E /* GroupiesViewController.m */,
				DAE6558910A250D0007BB25E /* GroupiesViewController.xib */,
				B832FA0C10B26FBB00F50C41 /* GroupiesNavigationController.h */,
				B832FA0D10B26FBB00F50C41 /* GroupiesNavigationController.m */,
				B86A54B610B2778300A946C7 /* GroupiesDetailViewController.h */,
				B86A54B710B2778300A946C7 /* GroupiesDetailViewController.m */,
				B86A54B810B2778300A946C7 /* GroupiesDetailViewController.xib */,
			);
			name = Groupies;
			sourceTree = "<group>";
		};
		B832F9B510B2645600F50C41 /* Map */ = {
			isa = PBXGroup;
			children = (
				DAE6556910A25042007BB25E /* MapViewController.h */,
				DAE6556A10A25042007BB25E /* MapViewController.m */,
				DAE6556B10A25042007BB25E /* MapViewController.xib */,
			);
			name = Map;
			sourceTree = "<group>";
		};
		B832F9B610B2645B00F50C41 /* Feed */ = {
			isa = PBXGroup;
			children = (
				DAE6558E10A250FB007BB25E /* FeedViewController.h */,
				DAE6558F10A250FB007BB25E /* FeedViewController.m */,
				DAE6559010A250FB007BB25E /* FeedViewController.xib */,
			);
			name = Feed;
			sourceTree = "<group>";
		};
		B832F9B710B2646200F50C41 /* MyGroup */ = {
			isa = PBXGroup;
			children = (
				DAE6558010A250B9007BB25E /* MyGroupViewController.h */,
				DAE6558110A250B9007BB25E /* MyGroupViewController.m */,
				DAE6558210A250B9007BB25E /* MyGroupViewController.xib */,
				B86A54AA10B2740D00A946C7 /* MyGroupNavigationController.h */,
				B86A54AB10B2740D00A946C7 /* MyGroupNavigationController.m */,
			);
			name = MyGroup;
			sourceTree = "<group>";
		};
		B873401E10B27EF400F24336 /* Model */ = {
			isa = PBXGroup;
			children = (
				B873401F10B27F0F00F24336 /* BurbleDataManager.h */,
				B873402010B27F0F00F24336 /* BurbleDataManager.m */,
			);
			name = Model;
			sourceTree = "<group>";
		};
		B8E46A0510AFBCB2000A27C5 /* FBConnect */ = {
			isa = PBXGroup;
			children = (
				B8E46A0610AFBCB2000A27C5 /* FBConnect.h */,
				B8E46A0710AFBCB2000A27C5 /* FBConnectGlobal.h */,
				B8E46A0810AFBCB2000A27C5 /* FBDialog.h */,
				B8E46A0910AFBCB2000A27C5 /* FBFeedDialog.h */,
				B8E46A0A10AFBCB2000A27C5 /* FBLoginButton.h */,
				B8E46A0B10AFBCB2000A27C5 /* FBLoginDialog.h */,
				B8E46A0C10AFBCB2000A27C5 /* FBPermissionDialog.h */,
				B8E46A0D10AFBCB2000A27C5 /* FBRequest.h */,
				B8E46A0E10AFBCB2000A27C5 /* FBSession.h */,
				B8E46A0F10AFBCB2000A27C5 /* FBStreamDialog.h */,
			);
			path = FBConnect;
			sourceTree = "<group>";
		};
/* End PBXGroup section */

/* Begin PBXNativeTarget section */
		1D6058900D05DD3D006BFB54 /* Test1 */ = {
			isa = PBXNativeTarget;
			buildConfigurationList = 1D6058960D05DD3E006BFB54 /* Build configuration list for PBXNativeTarget "Test1" */;
			buildPhases = (
				1D60588D0D05DD3D006BFB54 /* Resources */,
				1D60588E0D05DD3D006BFB54 /* Sources */,
				1D60588F0D05DD3D006BFB54 /* Frameworks */,
			);
			buildRules = (
			);
			dependencies = (
			);
			name = Test1;
			productName = Test1;
			productReference = 1D6058910D05DD3D006BFB54 /* Test1.app */;
			productType = "com.apple.product-type.application";
		};
/* End PBXNativeTarget section */

/* Begin PBXProject section */
		29B97313FDCFA39411CA2CEA /* Project object */ = {
			isa = PBXProject;
			buildConfigurationList = C01FCF4E08A954540054247B /* Build configuration list for PBXProject "Test1" */;
			compatibilityVersion = "Xcode 3.1";
			hasScannedForEncodings = 1;
			mainGroup = 29B97314FDCFA39411CA2CEA /* CustomTemplate */;
			projectDirPath = "";
			projectRoot = "";
			targets = (
				1D6058900D05DD3D006BFB54 /* Test1 */,
			);
		};
/* End PBXProject section */

/* Begin PBXResourcesBuildPhase section */
		1D60588D0D05DD3D006BFB54 /* Resources */ = {
			isa = PBXResourcesBuildPhase;
			buildActionMask = 2147483647;
			files = (
				28AD733F0D9D9553002E5188 /* MainWindow.xib in Resources */,
				DAE6556D10A25042007BB25E /* MapViewController.xib in Resources */,
				DAE6558410A250B9007BB25E /* MyGroupViewController.xib in Resources */,
				DAE6558B10A250D0007BB25E /* GroupiesViewController.xib in Resources */,
				DAE6559210A250FB007BB25E /* FeedViewController.xib in Resources */,
				DAE6559A10A25DBC007BB25E /* Icon2.png in Resources */,
				DA71078E10A295B100DAD536 /* 103-map.png in Resources */,
				DA71079010A295E400DAD536 /* map-marker.png in Resources */,
				DA71079E10A2973200DAD536 /* 74-location.png in Resources */,
				DA7107A210A297A700DAD536 /* 08-chat.png in Resources */,
				DA7107A410A297AD00DAD536 /* 09-chat2.png in Resources */,
				DA7107A910A299F800DAD536 /* 59-flag.png in Resources */,
				DA7107C110A29C2700DAD536 /* 30x-Chat.png in Resources */,
				DA7107C210A29C2700DAD536 /* 30x-Chats.png in Resources */,
				DA7107C410A29C9300DAD536 /* 30x-Scanner.png in Resources */,
				DA7107C710A29D6D00DAD536 /* icon_user.png in Resources */,
				DA7107C810A29D6D00DAD536 /* icon_users.png in Resources */,
				B8632D8410B013F10025684E /* groupies.plist in Resources */,
				B86A54BA10B2778300A946C7 /* GroupiesDetailViewController.xib in Resources */,
			);
			runOnlyForDeploymentPostprocessing = 0;
		};
/* End PBXResourcesBuildPhase section */

/* Begin PBXSourcesBuildPhase section */
		1D60588E0D05DD3D006BFB54 /* Sources */ = {
			isa = PBXSourcesBuildPhase;
			buildActionMask = 2147483647;
			files = (
				1D60589B0D05DD56006BFB54 /* main.m in Sources */,
				1D3623260D0F684500981E51 /* Test1AppDelegate.m in Sources */,
				DAE6556C10A25042007BB25E /* MapViewController.m in Sources */,
				DAE6558310A250B9007BB25E /* MyGroupViewController.m in Sources */,
				DAE6558A10A250D0007BB25E /* GroupiesViewController.m in Sources */,
				DAE6559110A250FB007BB25E /* FeedViewController.m in Sources */,
				B8E46A1B10AFBCB2000A27C5 /* FBConnectGlobal.m in Sources */,
				B8E46A1C10AFBCB2000A27C5 /* FBDialog.m in Sources */,
				B8E46A1D10AFBCB2000A27C5 /* FBFeedDialog.m in Sources */,
				B8E46A1E10AFBCB2000A27C5 /* FBLoginButton.m in Sources */,
				B8E46A1F10AFBCB2000A27C5 /* FBLoginDialog.m in Sources */,
				B8E46A2010AFBCB2000A27C5 /* FBPermissionDialog.m in Sources */,
				B8E46A2110AFBCB2000A27C5 /* FBRequest.m in Sources */,
				B8E46A2210AFBCB2000A27C5 /* FBSession.m in Sources */,
				B8E46A2310AFBCB2000A27C5 /* FBStreamDialog.m in Sources */,
				B8E46A2410AFBCB2000A27C5 /* FBXMLHandler.m in Sources */,
				B8632DC210B026140025684E /* NSDictionary-MutableDeepCopy.m in Sources */,
				B832FA0E10B26FBB00F50C41 /* GroupiesNavigationController.m in Sources */,
				B86A54AC10B2740D00A946C7 /* MyGroupNavigationController.m in Sources */,
				B86A54B910B2778300A946C7 /* GroupiesDetailViewController.m in Sources */,
				B873402110B27F0F00F24336 /* BurbleDataManager.m in Sources */,
			);
			runOnlyForDeploymentPostprocessing = 0;
		};
/* End PBXSourcesBuildPhase section */

/* Begin XCBuildConfiguration section */
		1D6058940D05DD3E006BFB54 /* Debug */ = {
			isa = XCBuildConfiguration;
			buildSettings = {
				ALWAYS_SEARCH_USER_PATHS = NO;
				COPY_PHASE_STRIP = NO;
				GCC_DYNAMIC_NO_PIC = NO;
				GCC_OPTIMIZATION_LEVEL = 0;
				GCC_PRECOMPILE_PREFIX_HEADER = YES;
				GCC_PREFIX_HEADER = Test1_Prefix.pch;
				INFOPLIST_FILE = "Test1-Info.plist";
				PRODUCT_NAME = Test1;
			};
			name = Debug;
		};
		1D6058950D05DD3E006BFB54 /* Release */ = {
			isa = XCBuildConfiguration;
			buildSettings = {
				ALWAYS_SEARCH_USER_PATHS = NO;
				COPY_PHASE_STRIP = YES;
				GCC_PRECOMPILE_PREFIX_HEADER = YES;
				GCC_PREFIX_HEADER = Test1_Prefix.pch;
				INFOPLIST_FILE = "Test1-Info.plist";
				PRODUCT_NAME = Test1;
			};
			name = Release;
		};
		C01FCF4F08A954540054247B /* Debug */ = {
			isa = XCBuildConfiguration;
			buildSettings = {
				ARCHS = "$(ARCHS_STANDARD_32_BIT)";
				"CODE_SIGN_IDENTITY[sdk=iphoneos*]" = "iPhone Developer";
				GCC_C_LANGUAGE_STANDARD = c99;
				GCC_WARN_ABOUT_RETURN_TYPE = YES;
				GCC_WARN_UNUSED_VARIABLE = YES;
				HEADER_SEARCH_PATHS = "./**";
				PREBINDING = NO;
				SDKROOT = iphoneos3.1.2;
			};
			name = Debug;
		};
		C01FCF5008A954540054247B /* Release */ = {
			isa = XCBuildConfiguration;
			buildSettings = {
				ARCHS = "$(ARCHS_STANDARD_32_BIT)";
				"CODE_SIGN_IDENTITY[sdk=iphoneos*]" = "iPhone Developer";
				GCC_C_LANGUAGE_STANDARD = c99;
				GCC_WARN_ABOUT_RETURN_TYPE = YES;
				GCC_WARN_UNUSED_VARIABLE = YES;
				HEADER_SEARCH_PATHS = "./**";
				PREBINDING = NO;
				SDKROOT = iphoneos3.1.2;
			};
			name = Release;
		};
/* End XCBuildConfiguration section */

/* Begin XCConfigurationList section */
		1D6058960D05DD3E006BFB54 /* Build configuration list for PBXNativeTarget "Test1" */ = {
			isa = XCConfigurationList;
			buildConfigurations = (
				1D6058940D05DD3E006BFB54 /* Debug */,
				1D6058950D05DD3E006BFB54 /* Release */,
			);
			defaultConfigurationIsVisible = 0;
			defaultConfigurationName = Release;
		};
		C01FCF4E08A954540054247B /* Build configuration list for PBXProject "Test1" */ = {
			isa = XCConfigurationList;
			buildConfigurations = (
				C01FCF4F08A954540054247B /* Debug */,
				C01FCF5008A954540054247B /* Release */,
			);
			defaultConfigurationIsVisible = 0;
			defaultConfigurationName = Release;
		};
/* End XCConfigurationList section */
	};
	rootObject = 29B97313FDCFA39411CA2CEA /* Project object */;
}
