// !$*UTF8*$!
{
	archiveVersion = 1;
	classes = {
	};
	objectVersion = 45;
	objects = {

/* Begin PBXBuildFile section */
		1D3623260D0F684500981E51 /* Test1AppDelegate.m in Sources */ = {isa = PBXBuildFile; fileRef = 1D3623250D0F684500981E51 /* Test1AppDelegate.m */; };
		1D60589B0D05DD56006BFB54 /* main.m in Sources */ = {isa = PBXBuildFile; fileRef = 29B97316FDCFA39411CA2CEA /* main.m */; };
		1D60589F0D05DD5A006BFB54 /* Foundation.framework in Frameworks */ = {isa = PBXBuildFile; fileRef = 1D30AB110D05D00D00671497 /* Foundation.framework */; };
		1DF5F4E00D08C38300B7A737 /* UIKit.framework in Frameworks */ = {isa = PBXBuildFile; fileRef = 1DF5F4DF0D08C38300B7A737 /* UIKit.framework */; };
		288765FD0DF74451002DB57D /* CoreGraphics.framework in Frameworks */ = {isa = PBXBuildFile; fileRef = 288765FC0DF74451002DB57D /* CoreGraphics.framework */; };
		28AD733F0D9D9553002E5188 /* MainWindow.xib in Resources */ = {isa = PBXBuildFile; fileRef = 28AD733E0D9D9553002E5188 /* MainWindow.xib */; };
		B832FA0E10B26FBB00F50C41 /* GroupiesNavigationController.m in Sources */ = {isa = PBXBuildFile; fileRef = B832FA0D10B26FBB00F50C41 /* GroupiesNavigationController.m */; };
		B8456D4710B37C45005EA08C /* ImportFriendsViewController.m in Sources */ = {isa = PBXBuildFile; fileRef = B8456D4510B37C45005EA08C /* ImportFriendsViewController.m */; };
		B8456D4810B37C45005EA08C /* ImportFriendsViewController.xib in Resources */ = {isa = PBXBuildFile; fileRef = B8456D4610B37C45005EA08C /* ImportFriendsViewController.xib */; };
		B8632D8410B013F10025684E /* groupies.plist in Resources */ = {isa = PBXBuildFile; fileRef = B8632D8310B013F10025684E /* groupies.plist */; };
		B8632DC210B026140025684E /* NSDictionary-MutableDeepCopy.m in Sources */ = {isa = PBXBuildFile; fileRef = B8632DC110B026140025684E /* NSDictionary-MutableDeepCopy.m */; };
		B86A54B910B2778300A946C7 /* GroupiesDetailViewController.m in Sources */ = {isa = PBXBuildFile; fileRef = B86A54B710B2778300A946C7 /* GroupiesDetailViewController.m */; };
		B86A54BA10B2778300A946C7 /* GroupiesDetailViewController.xib in Resources */ = {isa = PBXBuildFile; fileRef = B86A54B810B2778300A946C7 /* GroupiesDetailViewController.xib */; };
		B873402110B27F0F00F24336 /* BurbleDataManager.m in Sources */ = {isa = PBXBuildFile; fileRef = B873402010B27F0F00F24336 /* BurbleDataManager.m */; };
		B88C002410B2890A002BDA85 /* Group.m in Sources */ = {isa = PBXBuildFile; fileRef = B88C002310B2890A002BDA85 /* Group.m */; };
		B88C002710B28914002BDA85 /* Message.m in Sources */ = {isa = PBXBuildFile; fileRef = B88C002610B28914002BDA85 /* Message.m */; };
		B88C002A10B2891B002BDA85 /* Position.m in Sources */ = {isa = PBXBuildFile; fileRef = B88C002910B2891B002BDA85 /* Position.m */; };
		B88CFFA610B27FD5002BDA85 /* Person.m in Sources */ = {isa = PBXBuildFile; fileRef = B88CFFA510B27FD5002BDA85 /* Person.m */; };
		B8E46A1B10AFBCB2000A27C5 /* FBConnectGlobal.m in Sources */ = {isa = PBXBuildFile; fileRef = B8E46A1010AFBCB2000A27C5 /* FBConnectGlobal.m */; };
		B8E46A1C10AFBCB2000A27C5 /* FBDialog.m in Sources */ = {isa = PBXBuildFile; fileRef = B8E46A1110AFBCB2000A27C5 /* FBDialog.m */; };
		B8E46A1D10AFBCB2000A27C5 /* FBFeedDialog.m in Sources */ = {isa = PBXBuildFile; fileRef = B8E46A1210AFBCB2000A27C5 /* FBFeedDialog.m */; };
		B8E46A1E10AFBCB2000A27C5 /* FBLoginButton.m in Sources */ = {isa = PBXBuildFile; fileRef = B8E46A1310AFBCB2000A27C5 /* FBLoginButton.m */; };
		B8E46A1F10AFBCB2000A27C5 /* FBLoginDialog.m in Sources */ = {isa = PBXBuildFile; fileRef = B8E46A1410AFBCB2000A27C5 /* FBLoginDialog.m */; };
		B8E46A2010AFBCB2000A27C5 /* FBPermissionDialog.m in Sources */ = {isa = PBXBuildFile; fileRef = B8E46A1510AFBCB2000A27C5 /* FBPermissionDialog.m */; };
		B8E46A2110AFBCB2000A27C5 /* FBRequest.m in Sources */ = {isa = PBXBuildFile; fileRef = B8E46A1610AFBCB2000A27C5 /* FBRequest.m */; };
		B8E46A2210AFBCB2000A27C5 /* FBSession.m in Sources */ = {isa = PBXBuildFile; fileRef = B8E46A1710AFBCB2000A27C5 /* FBSession.m */; };
		B8E46A2310AFBCB2000A27C5 /* FBStreamDialog.m in Sources */ = {isa = PBXBuildFile; fileRef = B8E46A1810AFBCB2000A27C5 /* FBStreamDialog.m */; };
		B8E46A2410AFBCB2000A27C5 /* FBXMLHandler.m in Sources */ = {isa = PBXBuildFile; fileRef = B8E46A1A10AFBCB2000A27C5 /* FBXMLHandler.m */; };
		DA0AF12D10BA21B900220C1D /* XMLMessagesParser.m in Sources */ = {isa = PBXBuildFile; fileRef = DA0AF12C10BA21B900220C1D /* XMLMessagesParser.m */; };
		DA0AF1A810BA5BFF00220C1D /* README.MODEL.txt in Resources */ = {isa = PBXBuildFile; fileRef = DA0AF1A710BA5BFF00220C1D /* README.MODEL.txt */; };
		DA0AF2B710BA721500220C1D /* README.txt in Resources */ = {isa = PBXBuildFile; fileRef = DA0AF2B610BA721500220C1D /* README.txt */; };
		DA0AF3C210BB645500220C1D /* XMLWaypointsParser.m in Sources */ = {isa = PBXBuildFile; fileRef = DA0AF3C110BB645500220C1D /* XMLWaypointsParser.m */; };
		DA62F5B210B75949008655A9 /* XMLGroupParser.m in Sources */ = {isa = PBXBuildFile; fileRef = DA62F5B110B75949008655A9 /* XMLGroupParser.m */; };
		DA62F7EA10B7BE87008655A9 /* RPCURLResponse.m in Sources */ = {isa = PBXBuildFile; fileRef = DA62F7E910B7BE87008655A9 /* RPCURLResponse.m */; };
		DA71078E10A295B100DAD536 /* 103-map.png in Resources */ = {isa = PBXBuildFile; fileRef = DA71078D10A295B100DAD536 /* 103-map.png */; };
		DA71079010A295E400DAD536 /* map-marker.png in Resources */ = {isa = PBXBuildFile; fileRef = DA71078F10A295E400DAD536 /* map-marker.png */; };
		DA71079E10A2973200DAD536 /* 74-location.png in Resources */ = {isa = PBXBuildFile; fileRef = DA71079D10A2973200DAD536 /* 74-location.png */; };
		DA7107A210A297A700DAD536 /* 08-chat.png in Resources */ = {isa = PBXBuildFile; fileRef = DA7107A110A297A700DAD536 /* 08-chat.png */; };
		DA7107A410A297AD00DAD536 /* 09-chat2.png in Resources */ = {isa = PBXBuildFile; fileRef = DA7107A310A297AD00DAD536 /* 09-chat2.png */; };
		DA7107A910A299F800DAD536 /* 59-flag.png in Resources */ = {isa = PBXBuildFile; fileRef = DA7107A810A299F800DAD536 /* 59-flag.png */; };
		DA7107C110A29C2700DAD536 /* 30x-Chat.png in Resources */ = {isa = PBXBuildFile; fileRef = DA7107BF10A29C2700DAD536 /* 30x-Chat.png */; };
		DA7107C210A29C2700DAD536 /* 30x-Chats.png in Resources */ = {isa = PBXBuildFile; fileRef = DA7107C010A29C2700DAD536 /* 30x-Chats.png */; };
		DA7107C410A29C9300DAD536 /* 30x-Scanner.png in Resources */ = {isa = PBXBuildFile; fileRef = DA7107C310A29C9300DAD536 /* 30x-Scanner.png */; };
		DA7107C710A29D6D00DAD536 /* icon_user.png in Resources */ = {isa = PBXBuildFile; fileRef = DA7107C510A29D6D00DAD536 /* icon_user.png */; };
		DA7107C810A29D6D00DAD536 /* icon_users.png in Resources */ = {isa = PBXBuildFile; fileRef = DA7107C610A29D6D00DAD536 /* icon_users.png */; };
		DA720F3E10BBD722000EB4CC /* Connect_iphone.png in Resources */ = {isa = PBXBuildFile; fileRef = DA720F3D10BBD722000EB4CC /* Connect_iphone.png */; };
		DA720F4110BBD773000EB4CC /* Connect_with_facebook_iphone.png in Resources */ = {isa = PBXBuildFile; fileRef = DA720F4010BBD773000EB4CC /* Connect_with_facebook_iphone.png */; };
		DA7210E510BC0956000EB4CC /* XMLFriendsParser.m in Sources */ = {isa = PBXBuildFile; fileRef = DA7210E410BC0956000EB4CC /* XMLFriendsParser.m */; };
		DA7215DC10BE7E66000EB4CC /* Util.m in Sources */ = {isa = PBXBuildFile; fileRef = DA7215DB10BE7E66000EB4CC /* Util.m */; };
		DA7217B510BF3F2E000EB4CC /* dot.png in Resources */ = {isa = PBXBuildFile; fileRef = DA7217B410BF3F2E000EB4CC /* dot.png */; };
		DA72187310BF891A000EB4CC /* Entitlements.plist in Resources */ = {isa = PBXBuildFile; fileRef = DA72187210BF891A000EB4CC /* Entitlements.plist */; };
		DA7D033410C10BC000A58AC0 /* MyGroupNavigationController.m in Sources */ = {isa = PBXBuildFile; fileRef = DA7D033010C10BC000A58AC0 /* MyGroupNavigationController.m */; };
		DA7D033510C10BC000A58AC0 /* MyGroupViewController.m in Sources */ = {isa = PBXBuildFile; fileRef = DA7D033210C10BC000A58AC0 /* MyGroupViewController.m */; };
		DA7D033610C10BC000A58AC0 /* MyGroupViewController.xib in Resources */ = {isa = PBXBuildFile; fileRef = DA7D033310C10BC000A58AC0 /* MyGroupViewController.xib */; };
		DA7D034510C10CB000A58AC0 /* CreateGroupModalViewController.m in Sources */ = {isa = PBXBuildFile; fileRef = DA7D034310C10CB000A58AC0 /* CreateGroupModalViewController.m */; };
		DA7D034610C10CB000A58AC0 /* CreateGroupModalViewController.xib in Resources */ = {isa = PBXBuildFile; fileRef = DA7D034410C10CB000A58AC0 /* CreateGroupModalViewController.xib */; };
		DAA6D65C10B62B4B00E2E0B0 /* RPCPostData.m in Sources */ = {isa = PBXBuildFile; fileRef = DAA6D65B10B62B4B00E2E0B0 /* RPCPostData.m */; };
		DAA6D77410B64BA600E2E0B0 /* RPCURLConnection.m in Sources */ = {isa = PBXBuildFile; fileRef = DAA6D77310B64BA600E2E0B0 /* RPCURLConnection.m */; };
		DAA6D8D310B683C800E2E0B0 /* RPCPostRequest.m in Sources */ = {isa = PBXBuildFile; fileRef = DAA6D8D210B683C800E2E0B0 /* RPCPostRequest.m */; };
		DAA6DA5210B6A9FC00E2E0B0 /* XMLEventParser.m in Sources */ = {isa = PBXBuildFile; fileRef = DAA6DA5110B6A9FC00E2E0B0 /* XMLEventParser.m */; };
		DAA6DA6E10B6AD0E00E2E0B0 /* XMLPersonParser.m in Sources */ = {isa = PBXBuildFile; fileRef = DAA6DA6D10B6AD0E00E2E0B0 /* XMLPersonParser.m */; };
		DAA6DB8B10B7120000E2E0B0 /* RemoteModel.m in Sources */ = {isa = PBXBuildFile; fileRef = DAA6DB8A10B7120000E2E0B0 /* RemoteModel.m */; };
		DAB5E69C10B3F20300AF521B /* AddWaypointViewController.xib in Resources */ = {isa = PBXBuildFile; fileRef = DAB5E69B10B3F20300AF521B /* AddWaypointViewController.xib */; };
		DACE005E10B3939500944021 /* AddWaypointViewController.m in Sources */ = {isa = PBXBuildFile; fileRef = DACE005C10B3939500944021 /* AddWaypointViewController.m */; };
		DACE015610B3C4C300944021 /* AddWaypointOverlayView.m in Sources */ = {isa = PBXBuildFile; fileRef = DACE015510B3C4C300944021 /* AddWaypointOverlayView.m */; };
		DACE023610B3E2D800944021 /* Waypoint.m in Sources */ = {isa = PBXBuildFile; fileRef = DACE023510B3E2D800944021 /* Waypoint.m */; };
		DACEFEA810B3360400944021 /* MapNavigationController.m in Sources */ = {isa = PBXBuildFile; fileRef = DACEFEA710B3360400944021 /* MapNavigationController.m */; };
		DACEFF1510B3465A00944021 /* RegisterViewController.m in Sources */ = {isa = PBXBuildFile; fileRef = DACEFF1310B3465A00944021 /* RegisterViewController.m */; };
		DACEFF1610B3465A00944021 /* RegisterViewController.xib in Resources */ = {isa = PBXBuildFile; fileRef = DACEFF1410B3465A00944021 /* RegisterViewController.xib */; };
		DACEFF1910B3473500944021 /* Icon1_bigger.png in Resources */ = {isa = PBXBuildFile; fileRef = DACEFF1810B3473500944021 /* Icon1_bigger.png */; };
		DAE6556C10A25042007BB25E /* MapViewController.m in Sources */ = {isa = PBXBuildFile; fileRef = DAE6556A10A25042007BB25E /* MapViewController.m */; };
		DAE6556D10A25042007BB25E /* MapViewController.xib in Resources */ = {isa = PBXBuildFile; fileRef = DAE6556B10A25042007BB25E /* MapViewController.xib */; };
		DAE6558A10A250D0007BB25E /* GroupiesViewController.m in Sources */ = {isa = PBXBuildFile; fileRef = DAE6558810A250D0007BB25E /* GroupiesViewController.m */; };
		DAE6558B10A250D0007BB25E /* GroupiesViewController.xib in Resources */ = {isa = PBXBuildFile; fileRef = DAE6558910A250D0007BB25E /* GroupiesViewController.xib */; };
		DAE6559110A250FB007BB25E /* FeedViewController.m in Sources */ = {isa = PBXBuildFile; fileRef = DAE6558F10A250FB007BB25E /* FeedViewController.m */; };
		DAE6559A10A25DBC007BB25E /* Icon2.png in Resources */ = {isa = PBXBuildFile; fileRef = DAE6559910A25DBC007BB25E /* Icon2.png */; };
		DAE655B410A26C38007BB25E /* MapKit.framework in Frameworks */ = {isa = PBXBuildFile; fileRef = DAE655B310A26C38007BB25E /* MapKit.framework */; };
		DAE6562010A2745E007BB25E /* CoreLocation.framework in Frameworks */ = {isa = PBXBuildFile; fileRef = DAE6561F10A2745E007BB25E /* CoreLocation.framework */; };
		F98A184210B4C8C700CF204B /* FeedViewController.xib in Resources */ = {isa = PBXBuildFile; fileRef = F98A184110B4C8C700CF204B /* FeedViewController.xib */; };
		F98A184910B4C93100CF204B /* FeedNagivationController.m in Sources */ = {isa = PBXBuildFile; fileRef = F98A184810B4C93100CF204B /* FeedNagivationController.m */; };
		F9B7F8A610BE6885004FCC8A /* FeedDetailViewController.m in Sources */ = {isa = PBXBuildFile; fileRef = F9B7F8A410BE6885004FCC8A /* FeedDetailViewController.m */; };
		F9B7F8A710BE6885004FCC8A /* FeedDetailViewController.xib in Resources */ = {isa = PBXBuildFile; fileRef = F9B7F8A510BE6885004FCC8A /* FeedDetailViewController.xib */; };
/* End PBXBuildFile section */

/* Begin PBXFileReference section */
		1D30AB110D05D00D00671497 /* Foundation.framework */ = {isa = PBXFileReference; lastKnownFileType = wrapper.framework; name = Foundation.framework; path = System/Library/Frameworks/Foundation.framework; sourceTree = SDKROOT; };
		1D3623240D0F684500981E51 /* Test1AppDelegate.h */ = {isa = PBXFileReference; fileEncoding = 4; lastKnownFileType = sourcecode.c.h; path = Test1AppDelegate.h; sourceTree = "<group>"; };
		1D3623250D0F684500981E51 /* Test1AppDelegate.m */ = {isa = PBXFileReference; fileEncoding = 4; lastKnownFileType = sourcecode.c.objc; path = Test1AppDelegate.m; sourceTree = "<group>"; };
		1DF5F4DF0D08C38300B7A737 /* UIKit.framework */ = {isa = PBXFileReference; lastKnownFileType = wrapper.framework; name = UIKit.framework; path = System/Library/Frameworks/UIKit.framework; sourceTree = SDKROOT; };
		288765FC0DF74451002DB57D /* CoreGraphics.framework */ = {isa = PBXFileReference; lastKnownFileType = wrapper.framework; name = CoreGraphics.framework; path = System/Library/Frameworks/CoreGraphics.framework; sourceTree = SDKROOT; };
		28AD733E0D9D9553002E5188 /* MainWindow.xib */ = {isa = PBXFileReference; lastKnownFileType = file.xib; path = MainWindow.xib; sourceTree = "<group>"; };
		29B97316FDCFA39411CA2CEA /* main.m */ = {isa = PBXFileReference; fileEncoding = 4; lastKnownFileType = sourcecode.c.objc; path = main.m; sourceTree = "<group>"; };
		32CA4F630368D1EE00C91783 /* Test1_Prefix.pch */ = {isa = PBXFileReference; fileEncoding = 4; lastKnownFileType = sourcecode.c.h; path = Test1_Prefix.pch; sourceTree = "<group>"; };
		8D1107310486CEB800E47090 /* Test1-Info.plist */ = {isa = PBXFileReference; fileEncoding = 4; lastKnownFileType = text.plist.xml; path = "Test1-Info.plist"; plistStructureDefinitionIdentifier = "com.apple.xcode.plist.structure-definition.iphone.info-plist"; sourceTree = "<group>"; };
		B832FA0C10B26FBB00F50C41 /* GroupiesNavigationController.h */ = {isa = PBXFileReference; fileEncoding = 4; lastKnownFileType = sourcecode.c.h; path = GroupiesNavigationController.h; sourceTree = "<group>"; };
		B832FA0D10B26FBB00F50C41 /* GroupiesNavigationController.m */ = {isa = PBXFileReference; fileEncoding = 4; lastKnownFileType = sourcecode.c.objc; path = GroupiesNavigationController.m; sourceTree = "<group>"; };
		B8456D4410B37C45005EA08C /* ImportFriendsViewController.h */ = {isa = PBXFileReference; fileEncoding = 4; lastKnownFileType = sourcecode.c.h; path = ImportFriendsViewController.h; sourceTree = "<group>"; };
		B8456D4510B37C45005EA08C /* ImportFriendsViewController.m */ = {isa = PBXFileReference; fileEncoding = 4; lastKnownFileType = sourcecode.c.objc; path = ImportFriendsViewController.m; sourceTree = "<group>"; };
		B8456D4610B37C45005EA08C /* ImportFriendsViewController.xib */ = {isa = PBXFileReference; lastKnownFileType = file.xib; path = ImportFriendsViewController.xib; sourceTree = "<group>"; };
		B8632D8310B013F10025684E /* groupies.plist */ = {isa = PBXFileReference; fileEncoding = 4; lastKnownFileType = text.plist.xml; path = groupies.plist; sourceTree = SOURCE_ROOT; };
		B8632D9110B025AC0025684E /* NSDictionary-MutableDeepCopy.h */ = {isa = PBXFileReference; fileEncoding = 4; lastKnownFileType = sourcecode.c.h; name = "NSDictionary-MutableDeepCopy.h"; path = "../NSDictionary-MutableDeepCopy.h"; sourceTree = "<group>"; };
		B8632DC110B026140025684E /* NSDictionary-MutableDeepCopy.m */ = {isa = PBXFileReference; fileEncoding = 4; lastKnownFileType = sourcecode.c.objc; path = "NSDictionary-MutableDeepCopy.m"; sourceTree = "<group>"; };
		B86A54B610B2778300A946C7 /* GroupiesDetailViewController.h */ = {isa = PBXFileReference; fileEncoding = 4; lastKnownFileType = sourcecode.c.h; path = GroupiesDetailViewController.h; sourceTree = "<group>"; };
		B86A54B710B2778300A946C7 /* GroupiesDetailViewController.m */ = {isa = PBXFileReference; fileEncoding = 4; lastKnownFileType = sourcecode.c.objc; path = GroupiesDetailViewController.m; sourceTree = "<group>"; };
		B86A54B810B2778300A946C7 /* GroupiesDetailViewController.xib */ = {isa = PBXFileReference; lastKnownFileType = file.xib; path = GroupiesDetailViewController.xib; sourceTree = "<group>"; };
		B873401F10B27F0F00F24336 /* BurbleDataManager.h */ = {isa = PBXFileReference; fileEncoding = 4; lastKnownFileType = sourcecode.c.h; path = BurbleDataManager.h; sourceTree = "<group>"; };
		B873402010B27F0F00F24336 /* BurbleDataManager.m */ = {isa = PBXFileReference; fileEncoding = 4; lastKnownFileType = sourcecode.c.objc; path = BurbleDataManager.m; sourceTree = "<group>"; };
		B88C002210B2890A002BDA85 /* Group.h */ = {isa = PBXFileReference; fileEncoding = 4; lastKnownFileType = sourcecode.c.h; path = Group.h; sourceTree = "<group>"; };
		B88C002310B2890A002BDA85 /* Group.m */ = {isa = PBXFileReference; fileEncoding = 4; lastKnownFileType = sourcecode.c.objc; path = Group.m; sourceTree = "<group>"; };
		B88C002510B28914002BDA85 /* Message.h */ = {isa = PBXFileReference; fileEncoding = 4; lastKnownFileType = sourcecode.c.h; path = Message.h; sourceTree = "<group>"; };
		B88C002610B28914002BDA85 /* Message.m */ = {isa = PBXFileReference; fileEncoding = 4; lastKnownFileType = sourcecode.c.objc; path = Message.m; sourceTree = "<group>"; };
		B88C002810B2891B002BDA85 /* Position.h */ = {isa = PBXFileReference; fileEncoding = 4; lastKnownFileType = sourcecode.c.h; path = Position.h; sourceTree = "<group>"; };
		B88C002910B2891B002BDA85 /* Position.m */ = {isa = PBXFileReference; fileEncoding = 4; lastKnownFileType = sourcecode.c.objc; path = Position.m; sourceTree = "<group>"; };
		B88CFFA410B27FD5002BDA85 /* Person.h */ = {isa = PBXFileReference; fileEncoding = 4; lastKnownFileType = sourcecode.c.h; path = Person.h; sourceTree = "<group>"; };
		B88CFFA510B27FD5002BDA85 /* Person.m */ = {isa = PBXFileReference; fileEncoding = 4; lastKnownFileType = sourcecode.c.objc; path = Person.m; sourceTree = "<group>"; };
		B8E46A0610AFBCB2000A27C5 /* FBConnect.h */ = {isa = PBXFileReference; fileEncoding = 4; lastKnownFileType = sourcecode.c.h; path = FBConnect.h; sourceTree = "<group>"; };
		B8E46A0710AFBCB2000A27C5 /* FBConnectGlobal.h */ = {isa = PBXFileReference; fileEncoding = 4; lastKnownFileType = sourcecode.c.h; path = FBConnectGlobal.h; sourceTree = "<group>"; };
		B8E46A0810AFBCB2000A27C5 /* FBDialog.h */ = {isa = PBXFileReference; fileEncoding = 4; lastKnownFileType = sourcecode.c.h; path = FBDialog.h; sourceTree = "<group>"; };
		B8E46A0910AFBCB2000A27C5 /* FBFeedDialog.h */ = {isa = PBXFileReference; fileEncoding = 4; lastKnownFileType = sourcecode.c.h; path = FBFeedDialog.h; sourceTree = "<group>"; };
		B8E46A0A10AFBCB2000A27C5 /* FBLoginButton.h */ = {isa = PBXFileReference; fileEncoding = 4; lastKnownFileType = sourcecode.c.h; path = FBLoginButton.h; sourceTree = "<group>"; };
		B8E46A0B10AFBCB2000A27C5 /* FBLoginDialog.h */ = {isa = PBXFileReference; fileEncoding = 4; lastKnownFileType = sourcecode.c.h; path = FBLoginDialog.h; sourceTree = "<group>"; };
		B8E46A0C10AFBCB2000A27C5 /* FBPermissionDialog.h */ = {isa = PBXFileReference; fileEncoding = 4; lastKnownFileType = sourcecode.c.h; path = FBPermissionDialog.h; sourceTree = "<group>"; };
		B8E46A0D10AFBCB2000A27C5 /* FBRequest.h */ = {isa = PBXFileReference; fileEncoding = 4; lastKnownFileType = sourcecode.c.h; path = FBRequest.h; sourceTree = "<group>"; };
		B8E46A0E10AFBCB2000A27C5 /* FBSession.h */ = {isa = PBXFileReference; fileEncoding = 4; lastKnownFileType = sourcecode.c.h; path = FBSession.h; sourceTree = "<group>"; };
		B8E46A0F10AFBCB2000A27C5 /* FBStreamDialog.h */ = {isa = PBXFileReference; fileEncoding = 4; lastKnownFileType = sourcecode.c.h; path = FBStreamDialog.h; sourceTree = "<group>"; };
		B8E46A1010AFBCB2000A27C5 /* FBConnectGlobal.m */ = {isa = PBXFileReference; fileEncoding = 4; lastKnownFileType = sourcecode.c.objc; path = FBConnectGlobal.m; sourceTree = "<group>"; };
		B8E46A1110AFBCB2000A27C5 /* FBDialog.m */ = {isa = PBXFileReference; fileEncoding = 4; lastKnownFileType = sourcecode.c.objc; path = FBDialog.m; sourceTree = "<group>"; };
		B8E46A1210AFBCB2000A27C5 /* FBFeedDialog.m */ = {isa = PBXFileReference; fileEncoding = 4; lastKnownFileType = sourcecode.c.objc; path = FBFeedDialog.m; sourceTree = "<group>"; };
		B8E46A1310AFBCB2000A27C5 /* FBLoginButton.m */ = {isa = PBXFileReference; fileEncoding = 4; lastKnownFileType = sourcecode.c.objc; path = FBLoginButton.m; sourceTree = "<group>"; };
		B8E46A1410AFBCB2000A27C5 /* FBLoginDialog.m */ = {isa = PBXFileReference; fileEncoding = 4; lastKnownFileType = sourcecode.c.objc; path = FBLoginDialog.m; sourceTree = "<group>"; };
		B8E46A1510AFBCB2000A27C5 /* FBPermissionDialog.m */ = {isa = PBXFileReference; fileEncoding = 4; lastKnownFileType = sourcecode.c.objc; path = FBPermissionDialog.m; sourceTree = "<group>"; };
		B8E46A1610AFBCB2000A27C5 /* FBRequest.m */ = {isa = PBXFileReference; fileEncoding = 4; lastKnownFileType = sourcecode.c.objc; path = FBRequest.m; sourceTree = "<group>"; };
		B8E46A1710AFBCB2000A27C5 /* FBSession.m */ = {isa = PBXFileReference; fileEncoding = 4; lastKnownFileType = sourcecode.c.objc; path = FBSession.m; sourceTree = "<group>"; };
		B8E46A1810AFBCB2000A27C5 /* FBStreamDialog.m */ = {isa = PBXFileReference; fileEncoding = 4; lastKnownFileType = sourcecode.c.objc; path = FBStreamDialog.m; sourceTree = "<group>"; };
		B8E46A1910AFBCB2000A27C5 /* FBXMLHandler.h */ = {isa = PBXFileReference; fileEncoding = 4; lastKnownFileType = sourcecode.c.h; path = FBXMLHandler.h; sourceTree = "<group>"; };
		B8E46A1A10AFBCB2000A27C5 /* FBXMLHandler.m */ = {isa = PBXFileReference; fileEncoding = 4; lastKnownFileType = sourcecode.c.objc; path = FBXMLHandler.m; sourceTree = "<group>"; };
		DA0AF12B10BA21B900220C1D /* XMLMessagesParser.h */ = {isa = PBXFileReference; fileEncoding = 4; lastKnownFileType = sourcecode.c.h; path = XMLMessagesParser.h; sourceTree = "<group>"; };
		DA0AF12C10BA21B900220C1D /* XMLMessagesParser.m */ = {isa = PBXFileReference; fileEncoding = 4; lastKnownFileType = sourcecode.c.objc; path = XMLMessagesParser.m; sourceTree = "<group>"; };
		DA0AF1A710BA5BFF00220C1D /* README.MODEL.txt */ = {isa = PBXFileReference; fileEncoding = 4; lastKnownFileType = text; path = README.MODEL.txt; sourceTree = "<group>"; };
		DA0AF2B610BA721500220C1D /* README.txt */ = {isa = PBXFileReference; fileEncoding = 4; lastKnownFileType = text; path = README.txt; sourceTree = "<group>"; };
		DA0AF3C010BB645500220C1D /* XMLWaypointsParser.h */ = {isa = PBXFileReference; fileEncoding = 4; lastKnownFileType = sourcecode.c.h; path = XMLWaypointsParser.h; sourceTree = "<group>"; };
		DA0AF3C110BB645500220C1D /* XMLWaypointsParser.m */ = {isa = PBXFileReference; fileEncoding = 4; lastKnownFileType = sourcecode.c.objc; path = XMLWaypointsParser.m; sourceTree = "<group>"; };
		DA62F5B010B75949008655A9 /* XMLGroupParser.h */ = {isa = PBXFileReference; fileEncoding = 4; lastKnownFileType = sourcecode.c.h; path = XMLGroupParser.h; sourceTree = "<group>"; };
		DA62F5B110B75949008655A9 /* XMLGroupParser.m */ = {isa = PBXFileReference; fileEncoding = 4; lastKnownFileType = sourcecode.c.objc; path = XMLGroupParser.m; sourceTree = "<group>"; };
		DA62F7E810B7BE87008655A9 /* RPCURLResponse.h */ = {isa = PBXFileReference; fileEncoding = 4; lastKnownFileType = sourcecode.c.h; path = RPCURLResponse.h; sourceTree = "<group>"; };
		DA62F7E910B7BE87008655A9 /* RPCURLResponse.m */ = {isa = PBXFileReference; fileEncoding = 4; lastKnownFileType = sourcecode.c.objc; path = RPCURLResponse.m; sourceTree = "<group>"; };
		DA71078D10A295B100DAD536 /* 103-map.png */ = {isa = PBXFileReference; lastKnownFileType = image.png; path = "103-map.png"; sourceTree = "<group>"; };
		DA71078F10A295E400DAD536 /* map-marker.png */ = {isa = PBXFileReference; lastKnownFileType = image.png; path = "map-marker.png"; sourceTree = "<group>"; };
		DA71079D10A2973200DAD536 /* 74-location.png */ = {isa = PBXFileReference; lastKnownFileType = image.png; path = "74-location.png"; sourceTree = "<group>"; };
		DA7107A110A297A700DAD536 /* 08-chat.png */ = {isa = PBXFileReference; lastKnownFileType = image.png; path = "08-chat.png"; sourceTree = "<group>"; };
		DA7107A310A297AD00DAD536 /* 09-chat2.png */ = {isa = PBXFileReference; lastKnownFileType = image.png; path = "09-chat2.png"; sourceTree = "<group>"; };
		DA7107A810A299F800DAD536 /* 59-flag.png */ = {isa = PBXFileReference; lastKnownFileType = image.png; path = "59-flag.png"; sourceTree = "<group>"; };
		DA7107BF10A29C2700DAD536 /* 30x-Chat.png */ = {isa = PBXFileReference; lastKnownFileType = image.png; path = "30x-Chat.png"; sourceTree = "<group>"; };
		DA7107C010A29C2700DAD536 /* 30x-Chats.png */ = {isa = PBXFileReference; lastKnownFileType = image.png; path = "30x-Chats.png"; sourceTree = "<group>"; };
		DA7107C310A29C9300DAD536 /* 30x-Scanner.png */ = {isa = PBXFileReference; lastKnownFileType = image.png; path = "30x-Scanner.png"; sourceTree = "<group>"; };
		DA7107C510A29D6D00DAD536 /* icon_user.png */ = {isa = PBXFileReference; lastKnownFileType = image.png; path = icon_user.png; sourceTree = "<group>"; };
		DA7107C610A29D6D00DAD536 /* icon_users.png */ = {isa = PBXFileReference; lastKnownFileType = image.png; path = icon_users.png; sourceTree = "<group>"; };
		DA720F3D10BBD722000EB4CC /* Connect_iphone.png */ = {isa = PBXFileReference; lastKnownFileType = image.png; path = Connect_iphone.png; sourceTree = "<group>"; };
		DA720F4010BBD773000EB4CC /* Connect_with_facebook_iphone.png */ = {isa = PBXFileReference; lastKnownFileType = image.png; path = Connect_with_facebook_iphone.png; sourceTree = "<group>"; };
		DA7210E310BC0956000EB4CC /* XMLFriendsParser.h */ = {isa = PBXFileReference; fileEncoding = 4; lastKnownFileType = sourcecode.c.h; path = XMLFriendsParser.h; sourceTree = "<group>"; };
		DA7210E410BC0956000EB4CC /* XMLFriendsParser.m */ = {isa = PBXFileReference; fileEncoding = 4; lastKnownFileType = sourcecode.c.objc; path = XMLFriendsParser.m; sourceTree = "<group>"; };
		DA7215DA10BE7E66000EB4CC /* Util.h */ = {isa = PBXFileReference; fileEncoding = 4; lastKnownFileType = sourcecode.c.h; path = Util.h; sourceTree = "<group>"; };
		DA7215DB10BE7E66000EB4CC /* Util.m */ = {isa = PBXFileReference; fileEncoding = 4; lastKnownFileType = sourcecode.c.objc; path = Util.m; sourceTree = "<group>"; };
		DA7217B410BF3F2E000EB4CC /* dot.png */ = {isa = PBXFileReference; lastKnownFileType = image.png; path = dot.png; sourceTree = "<group>"; };
		DA72187210BF891A000EB4CC /* Entitlements.plist */ = {isa = PBXFileReference; fileEncoding = 4; lastKnownFileType = text.plist.xml; path = Entitlements.plist; sourceTree = "<group>"; };
		DA7D032F10C10BC000A58AC0 /* MyGroupNavigationController.h */ = {isa = PBXFileReference; fileEncoding = 4; lastKnownFileType = sourcecode.c.h; path = MyGroupNavigationController.h; sourceTree = "<group>"; };
		DA7D033010C10BC000A58AC0 /* MyGroupNavigationController.m */ = {isa = PBXFileReference; fileEncoding = 4; lastKnownFileType = sourcecode.c.objc; path = MyGroupNavigationController.m; sourceTree = "<group>"; };
		DA7D033110C10BC000A58AC0 /* MyGroupViewController.h */ = {isa = PBXFileReference; fileEncoding = 4; lastKnownFileType = sourcecode.c.h; path = MyGroupViewController.h; sourceTree = "<group>"; };
		DA7D033210C10BC000A58AC0 /* MyGroupViewController.m */ = {isa = PBXFileReference; fileEncoding = 4; lastKnownFileType = sourcecode.c.objc; path = MyGroupViewController.m; sourceTree = "<group>"; };
		DA7D033310C10BC000A58AC0 /* MyGroupViewController.xib */ = {isa = PBXFileReference; lastKnownFileType = file.xib; path = MyGroupViewController.xib; sourceTree = "<group>"; };
		DA7D034210C10CB000A58AC0 /* CreateGroupModalViewController.h */ = {isa = PBXFileReference; fileEncoding = 4; lastKnownFileType = sourcecode.c.h; path = CreateGroupModalViewController.h; sourceTree = "<group>"; };
		DA7D034310C10CB000A58AC0 /* CreateGroupModalViewController.m */ = {isa = PBXFileReference; fileEncoding = 4; lastKnownFileType = sourcecode.c.objc; path = CreateGroupModalViewController.m; sourceTree = "<group>"; };
		DA7D034410C10CB000A58AC0 /* CreateGroupModalViewController.xib */ = {isa = PBXFileReference; lastKnownFileType = file.xib; path = CreateGroupModalViewController.xib; sourceTree = "<group>"; };
		DA9E25C710C259D00065BB87 /* Test1.app */ = {isa = PBXFileReference; explicitFileType = wrapper.application; includeInIndex = 0; path = Test1.app; sourceTree = BUILT_PRODUCTS_DIR; };
		DAA6D64410B61E8700E2E0B0 /* RemoteModel.h */ = {isa = PBXFileReference; fileEncoding = 4; lastKnownFileType = sourcecode.c.h; path = RemoteModel.h; sourceTree = "<group>"; };
		DAA6D65A10B62B4B00E2E0B0 /* RPCPostData.h */ = {isa = PBXFileReference; fileEncoding = 4; lastKnownFileType = sourcecode.c.h; path = RPCPostData.h; sourceTree = "<group>"; };
		DAA6D65B10B62B4B00E2E0B0 /* RPCPostData.m */ = {isa = PBXFileReference; fileEncoding = 4; lastKnownFileType = sourcecode.c.objc; path = RPCPostData.m; sourceTree = "<group>"; };
		DAA6D77210B64BA600E2E0B0 /* RPCURLConnection.h */ = {isa = PBXFileReference; fileEncoding = 4; lastKnownFileType = sourcecode.c.h; path = RPCURLConnection.h; sourceTree = "<group>"; };
		DAA6D77310B64BA600E2E0B0 /* RPCURLConnection.m */ = {isa = PBXFileReference; fileEncoding = 4; lastKnownFileType = sourcecode.c.objc; path = RPCURLConnection.m; sourceTree = "<group>"; };
		DAA6D8D110B683C800E2E0B0 /* RPCPostRequest.h */ = {isa = PBXFileReference; fileEncoding = 4; lastKnownFileType = sourcecode.c.h; path = RPCPostRequest.h; sourceTree = "<group>"; };
		DAA6D8D210B683C800E2E0B0 /* RPCPostRequest.m */ = {isa = PBXFileReference; fileEncoding = 4; lastKnownFileType = sourcecode.c.objc; path = RPCPostRequest.m; sourceTree = "<group>"; };
		DAA6DA5010B6A9FC00E2E0B0 /* XMLEventParser.h */ = {isa = PBXFileReference; fileEncoding = 4; lastKnownFileType = sourcecode.c.h; path = XMLEventParser.h; sourceTree = "<group>"; };
		DAA6DA5110B6A9FC00E2E0B0 /* XMLEventParser.m */ = {isa = PBXFileReference; fileEncoding = 4; lastKnownFileType = sourcecode.c.objc; path = XMLEventParser.m; sourceTree = "<group>"; };
		DAA6DA6C10B6AD0E00E2E0B0 /* XMLPersonParser.h */ = {isa = PBXFileReference; fileEncoding = 4; lastKnownFileType = sourcecode.c.h; path = XMLPersonParser.h; sourceTree = "<group>"; };
		DAA6DA6D10B6AD0E00E2E0B0 /* XMLPersonParser.m */ = {isa = PBXFileReference; fileEncoding = 4; lastKnownFileType = sourcecode.c.objc; path = XMLPersonParser.m; sourceTree = "<group>"; };
		DAA6DB8A10B7120000E2E0B0 /* RemoteModel.m */ = {isa = PBXFileReference; fileEncoding = 4; lastKnownFileType = sourcecode.c.objc; path = RemoteModel.m; sourceTree = "<group>"; };
		DAB5E69B10B3F20300AF521B /* AddWaypointViewController.xib */ = {isa = PBXFileReference; lastKnownFileType = file.xib; path = AddWaypointViewController.xib; sourceTree = "<group>"; };
		DACE005B10B3939500944021 /* AddWaypointViewController.h */ = {isa = PBXFileReference; fileEncoding = 4; lastKnownFileType = sourcecode.c.h; path = AddWaypointViewController.h; sourceTree = "<group>"; };
		DACE005C10B3939500944021 /* AddWaypointViewController.m */ = {isa = PBXFileReference; fileEncoding = 4; lastKnownFileType = sourcecode.c.objc; path = AddWaypointViewController.m; sourceTree = "<group>"; };
		DACE015410B3C4C300944021 /* AddWaypointOverlayView.h */ = {isa = PBXFileReference; fileEncoding = 4; lastKnownFileType = sourcecode.c.h; path = AddWaypointOverlayView.h; sourceTree = "<group>"; };
		DACE015510B3C4C300944021 /* AddWaypointOverlayView.m */ = {isa = PBXFileReference; fileEncoding = 4; lastKnownFileType = sourcecode.c.objc; path = AddWaypointOverlayView.m; sourceTree = "<group>"; };
		DACE023410B3E2D800944021 /* Waypoint.h */ = {isa = PBXFileReference; fileEncoding = 4; lastKnownFileType = sourcecode.c.h; path = Waypoint.h; sourceTree = "<group>"; };
		DACE023510B3E2D800944021 /* Waypoint.m */ = {isa = PBXFileReference; fileEncoding = 4; lastKnownFileType = sourcecode.c.objc; path = Waypoint.m; sourceTree = "<group>"; };
		DACEFEA610B3360400944021 /* MapNavigationController.h */ = {isa = PBXFileReference; fileEncoding = 4; lastKnownFileType = sourcecode.c.h; path = MapNavigationController.h; sourceTree = "<group>"; };
		DACEFEA710B3360400944021 /* MapNavigationController.m */ = {isa = PBXFileReference; fileEncoding = 4; lastKnownFileType = sourcecode.c.objc; path = MapNavigationController.m; sourceTree = "<group>"; };
		DACEFF1210B3465A00944021 /* RegisterViewController.h */ = {isa = PBXFileReference; fileEncoding = 4; lastKnownFileType = sourcecode.c.h; path = RegisterViewController.h; sourceTree = "<group>"; };
		DACEFF1310B3465A00944021 /* RegisterViewController.m */ = {isa = PBXFileReference; fileEncoding = 4; lastKnownFileType = sourcecode.c.objc; path = RegisterViewController.m; sourceTree = "<group>"; };
		DACEFF1410B3465A00944021 /* RegisterViewController.xib */ = {isa = PBXFileReference; lastKnownFileType = file.xib; path = RegisterViewController.xib; sourceTree = "<group>"; };
		DACEFF1810B3473500944021 /* Icon1_bigger.png */ = {isa = PBXFileReference; lastKnownFileType = image.png; path = Icon1_bigger.png; sourceTree = "<group>"; };
		DAE6556910A25042007BB25E /* MapViewController.h */ = {isa = PBXFileReference; fileEncoding = 4; lastKnownFileType = sourcecode.c.h; name = MapViewController.h; path = ../MapViewController.h; sourceTree = "<group>"; };
		DAE6556A10A25042007BB25E /* MapViewController.m */ = {isa = PBXFileReference; fileEncoding = 4; lastKnownFileType = sourcecode.c.objc; name = MapViewController.m; path = ../MapViewController.m; sourceTree = "<group>"; };
		DAE6556B10A25042007BB25E /* MapViewController.xib */ = {isa = PBXFileReference; lastKnownFileType = file.xib; name = MapViewController.xib; path = ../MapViewController.xib; sourceTree = "<group>"; };
		DAE6558710A250D0007BB25E /* GroupiesViewController.h */ = {isa = PBXFileReference; fileEncoding = 4; lastKnownFileType = sourcecode.c.h; path = GroupiesViewController.h; sourceTree = "<group>"; };
		DAE6558810A250D0007BB25E /* GroupiesViewController.m */ = {isa = PBXFileReference; fileEncoding = 4; lastKnownFileType = sourcecode.c.objc; path = GroupiesViewController.m; sourceTree = "<group>"; };
		DAE6558910A250D0007BB25E /* GroupiesViewController.xib */ = {isa = PBXFileReference; lastKnownFileType = file.xib; path = GroupiesViewController.xib; sourceTree = "<group>"; };
		DAE6558E10A250FB007BB25E /* FeedViewController.h */ = {isa = PBXFileReference; fileEncoding = 4; lastKnownFileType = sourcecode.c.h; path = FeedViewController.h; sourceTree = "<group>"; };
		DAE6558F10A250FB007BB25E /* FeedViewController.m */ = {isa = PBXFileReference; fileEncoding = 4; lastKnownFileType = sourcecode.c.objc; path = FeedViewController.m; sourceTree = "<group>"; };
		DAE6559910A25DBC007BB25E /* Icon2.png */ = {isa = PBXFileReference; lastKnownFileType = image.png; path = Icon2.png; sourceTree = "<group>"; };
		DAE655B310A26C38007BB25E /* MapKit.framework */ = {isa = PBXFileReference; lastKnownFileType = wrapper.framework; name = MapKit.framework; path = System/Library/Frameworks/MapKit.framework; sourceTree = SDKROOT; };
		DAE6561F10A2745E007BB25E /* CoreLocation.framework */ = {isa = PBXFileReference; lastKnownFileType = wrapper.framework; name = CoreLocation.framework; path = System/Library/Frameworks/CoreLocation.framework; sourceTree = SDKROOT; };
		F98A184110B4C8C700CF204B /* FeedViewController.xib */ = {isa = PBXFileReference; lastKnownFileType = file.xib; path = FeedViewController.xib; sourceTree = "<group>"; };
		F98A184710B4C93100CF204B /* FeedNagivationController.h */ = {isa = PBXFileReference; fileEncoding = 4; lastKnownFileType = sourcecode.c.h; path = FeedNagivationController.h; sourceTree = "<group>"; };
		F98A184810B4C93100CF204B /* FeedNagivationController.m */ = {isa = PBXFileReference; fileEncoding = 4; lastKnownFileType = sourcecode.c.objc; path = FeedNagivationController.m; sourceTree = "<group>"; };
		F9B7F8A310BE6885004FCC8A /* FeedDetailViewController.h */ = {isa = PBXFileReference; fileEncoding = 4; lastKnownFileType = sourcecode.c.h; path = FeedDetailViewController.h; sourceTree = "<group>"; };
		F9B7F8A410BE6885004FCC8A /* FeedDetailViewController.m */ = {isa = PBXFileReference; fileEncoding = 4; lastKnownFileType = sourcecode.c.objc; path = FeedDetailViewController.m; sourceTree = "<group>"; };
		F9B7F8A510BE6885004FCC8A /* FeedDetailViewController.xib */ = {isa = PBXFileReference; lastKnownFileType = file.xib; path = FeedDetailViewController.xib; sourceTree = "<group>"; };
/* End PBXFileReference section */

/* Begin PBXFrameworksBuildPhase section */
		1D60588F0D05DD3D006BFB54 /* Frameworks */ = {
			isa = PBXFrameworksBuildPhase;
			buildActionMask = 2147483647;
			files = (
				1D60589F0D05DD5A006BFB54 /* Foundation.framework in Frameworks */,
				1DF5F4E00D08C38300B7A737 /* UIKit.framework in Frameworks */,
				288765FD0DF74451002DB57D /* CoreGraphics.framework in Frameworks */,
				DAE655B410A26C38007BB25E /* MapKit.framework in Frameworks */,
				DAE6562010A2745E007BB25E /* CoreLocation.framework in Frameworks */,
			);
			runOnlyForDeploymentPostprocessing = 0;
		};
/* End PBXFrameworksBuildPhase section */

/* Begin PBXGroup section */
		080E96DDFE201D6D7F000001 /* Classes */ = {
			isa = PBXGroup;
			children = (
				B873401E10B27EF400F24336 /* Model */,
				B832F9B210B2644500F50C41 /* Controller */,
				B8632D9110B025AC0025684E /* NSDictionary-MutableDeepCopy.h */,
				B8632DC110B026140025684E /* NSDictionary-MutableDeepCopy.m */,
				1D3623240D0F684500981E51 /* Test1AppDelegate.h */,
				1D3623250D0F684500981E51 /* Test1AppDelegate.m */,
			);
			path = Classes;
			sourceTree = "<group>";
		};
		19C28FACFE9D520D11CA2CBB /* Products */ = {
			isa = PBXGroup;
			children = (
				DA9E25C710C259D00065BB87 /* Test1.app */,
			);
			name = Products;
			sourceTree = "<group>";
		};
		29B97314FDCFA39411CA2CEA /* CustomTemplate */ = {
			isa = PBXGroup;
			children = (
				DA72140F10BE1BAB000EB4CC /* FB Sources */,
				B8E46A0510AFBCB2000A27C5 /* FBConnect */,
				080E96DDFE201D6D7F000001 /* Classes */,
				29B97315FDCFA39411CA2CEA /* Other Sources */,
				29B97317FDCFA39411CA2CEA /* Resources */,
				29B97323FDCFA39411CA2CEA /* Frameworks */,
				19C28FACFE9D520D11CA2CBB /* Products */,
				DA0AF2B610BA721500220C1D /* README.txt */,
				DA72187210BF891A000EB4CC /* Entitlements.plist */,
			);
			name = CustomTemplate;
			sourceTree = "<group>";
		};
		29B97315FDCFA39411CA2CEA /* Other Sources */ = {
			isa = PBXGroup;
			children = (
				32CA4F630368D1EE00C91783 /* Test1_Prefix.pch */,
				29B97316FDCFA39411CA2CEA /* main.m */,
			);
			name = "Other Sources";
			sourceTree = "<group>";
		};
		29B97317FDCFA39411CA2CEA /* Resources */ = {
			isa = PBXGroup;
			children = (
				DA720F4010BBD773000EB4CC /* Connect_with_facebook_iphone.png */,
				DA7217B410BF3F2E000EB4CC /* dot.png */,
				DA720F3D10BBD722000EB4CC /* Connect_iphone.png */,
				DACEFF1810B3473500944021 /* Icon1_bigger.png */,
				DA7107BF10A29C2700DAD536 /* 30x-Chat.png */,
				B8632D8310B013F10025684E /* groupies.plist */,
				DA7107C510A29D6D00DAD536 /* icon_user.png */,
				DA7107C610A29D6D00DAD536 /* icon_users.png */,
				DA7107C010A29C2700DAD536 /* 30x-Chats.png */,
				DA7107C310A29C9300DAD536 /* 30x-Scanner.png */,
				DA71079D10A2973200DAD536 /* 74-location.png */,
				DA7107A810A299F800DAD536 /* 59-flag.png */,
				DA7107A110A297A700DAD536 /* 08-chat.png */,
				DA71078F10A295E400DAD536 /* map-marker.png */,
				DA71078D10A295B100DAD536 /* 103-map.png */,
				DAE6559910A25DBC007BB25E /* Icon2.png */,
				28AD733E0D9D9553002E5188 /* MainWindow.xib */,
				DA7107A310A297AD00DAD536 /* 09-chat2.png */,
				8D1107310486CEB800E47090 /* Test1-Info.plist */,
			);
			name = Resources;
			sourceTree = "<group>";
		};
		29B97323FDCFA39411CA2CEA /* Frameworks */ = {
			isa = PBXGroup;
			children = (
				DAE6561F10A2745E007BB25E /* CoreLocation.framework */,
				DAE655B310A26C38007BB25E /* MapKit.framework */,
				1DF5F4DF0D08C38300B7A737 /* UIKit.framework */,
				1D30AB110D05D00D00671497 /* Foundation.framework */,
				288765FC0DF74451002DB57D /* CoreGraphics.framework */,
			);
			name = Frameworks;
			sourceTree = "<group>";
		};
		B832F9B210B2644500F50C41 /* Controller */ = {
			isa = PBXGroup;
			children = (
				B8456CBD10B35CF9005EA08C /* Shared */,
				B832F9B710B2646200F50C41 /* MyGroup */,
				B832F9B610B2645B00F50C41 /* Feed */,
				B832F9B510B2645600F50C41 /* Map */,
				B832F9B410B2644E00F50C41 /* Groupies */,
			);
			name = Controller;
			sourceTree = "<group>";
		};
		B832F9B410B2644E00F50C41 /* Groupies */ = {
			isa = PBXGroup;
			children = (
				B8456D4410B37C45005EA08C /* ImportFriendsViewController.h */,
				B8456D4510B37C45005EA08C /* ImportFriendsViewController.m */,
				B8456D4610B37C45005EA08C /* ImportFriendsViewController.xib */,
				DAE6558710A250D0007BB25E /* GroupiesViewController.h */,
				DAE6558810A250D0007BB25E /* GroupiesViewController.m */,
				DAE6558910A250D0007BB25E /* GroupiesViewController.xib */,
				B832FA0C10B26FBB00F50C41 /* GroupiesNavigationController.h */,
				B832FA0D10B26FBB00F50C41 /* GroupiesNavigationController.m */,
			);
			name = Groupies;
			sourceTree = "<group>";
		};
		B832F9B510B2645600F50C41 /* Map */ = {
			isa = PBXGroup;
			children = (
				DACEFEA610B3360400944021 /* MapNavigationController.h */,
				DACEFEA710B3360400944021 /* MapNavigationController.m */,
				DAE6556910A25042007BB25E /* MapViewController.h */,
				DAE6556A10A25042007BB25E /* MapViewController.m */,
				DAE6556B10A25042007BB25E /* MapViewController.xib */,
				DACE015410B3C4C300944021 /* AddWaypointOverlayView.h */,
				DACE015510B3C4C300944021 /* AddWaypointOverlayView.m */,
				DACE005B10B3939500944021 /* AddWaypointViewController.h */,
				DACE005C10B3939500944021 /* AddWaypointViewController.m */,
				DAB5E69B10B3F20300AF521B /* AddWaypointViewController.xib */,
			);
			name = Map;
			sourceTree = "<group>";
		};
		B832F9B610B2645B00F50C41 /* Feed */ = {
			isa = PBXGroup;
			children = (
				F9B7F8A310BE6885004FCC8A /* FeedDetailViewController.h */,
				F9B7F8A410BE6885004FCC8A /* FeedDetailViewController.m */,
				F9B7F8A510BE6885004FCC8A /* FeedDetailViewController.xib */,
				F98A184710B4C93100CF204B /* FeedNagivationController.h */,
				F98A184810B4C93100CF204B /* FeedNagivationController.m */,
				F98A184110B4C8C700CF204B /* FeedViewController.xib */,
				DAE6558E10A250FB007BB25E /* FeedViewController.h */,
				DAE6558F10A250FB007BB25E /* FeedViewController.m */,
			);
			name = Feed;
			sourceTree = "<group>";
		};
		B832F9B710B2646200F50C41 /* MyGroup */ = {
			isa = PBXGroup;
			children = (
				DA7D032F10C10BC000A58AC0 /* MyGroupNavigationController.h */,
				DA7D033010C10BC000A58AC0 /* MyGroupNavigationController.m */,
				DA7D033110C10BC000A58AC0 /* MyGroupViewController.h */,
				DA7D033210C10BC000A58AC0 /* MyGroupViewController.m */,
				DA7D033310C10BC000A58AC0 /* MyGroupViewController.xib */,
				DA7D034210C10CB000A58AC0 /* CreateGroupModalViewController.h */,
				DA7D034310C10CB000A58AC0 /* CreateGroupModalViewController.m */,
				DA7D034410C10CB000A58AC0 /* CreateGroupModalViewController.xib */,
			);
			name = MyGroup;
			sourceTree = "<group>";
		};
		B8456CBD10B35CF9005EA08C /* Shared */ = {
			isa = PBXGroup;
			children = (
				DACEFF1210B3465A00944021 /* RegisterViewController.h */,
				DACEFF1310B3465A00944021 /* RegisterViewController.m */,
				DACEFF1410B3465A00944021 /* RegisterViewController.xib */,
				B86A54B610B2778300A946C7 /* GroupiesDetailViewController.h */,
				B86A54B710B2778300A946C7 /* GroupiesDetailViewController.m */,
				B86A54B810B2778300A946C7 /* GroupiesDetailViewController.xib */,
			);
			name = Shared;
			sourceTree = "<group>";
		};
		B873401E10B27EF400F24336 /* Model */ = {
			isa = PBXGroup;
			children = (
				DAA6DA4F10B6A9E900E2E0B0 /* XML */,
				DAA6D65D10B62B4F00E2E0B0 /* RPC */,
				B873401F10B27F0F00F24336 /* BurbleDataManager.h */,
				B873402010B27F0F00F24336 /* BurbleDataManager.m */,
				B88CFFA410B27FD5002BDA85 /* Person.h */,
				B88CFFA510B27FD5002BDA85 /* Person.m */,
				B88C002210B2890A002BDA85 /* Group.h */,
				B88C002310B2890A002BDA85 /* Group.m */,
				B88C002510B28914002BDA85 /* Message.h */,
				B88C002610B28914002BDA85 /* Message.m */,
				B88C002810B2891B002BDA85 /* Position.h */,
				B88C002910B2891B002BDA85 /* Position.m */,
				DACE023410B3E2D800944021 /* Waypoint.h */,
				DACE023510B3E2D800944021 /* Waypoint.m */,
				DA0AF1A710BA5BFF00220C1D /* README.MODEL.txt */,
				DA7215DA10BE7E66000EB4CC /* Util.h */,
				DA7215DB10BE7E66000EB4CC /* Util.m */,
			);
			name = Model;
			sourceTree = "<group>";
		};
		B8E46A0510AFBCB2000A27C5 /* FBConnect */ = {
			isa = PBXGroup;
			children = (
				B8E46A0610AFBCB2000A27C5 /* FBConnect.h */,
				B8E46A0710AFBCB2000A27C5 /* FBConnectGlobal.h */,
				B8E46A0810AFBCB2000A27C5 /* FBDialog.h */,
				B8E46A0910AFBCB2000A27C5 /* FBFeedDialog.h */,
				B8E46A0A10AFBCB2000A27C5 /* FBLoginButton.h */,
				B8E46A0B10AFBCB2000A27C5 /* FBLoginDialog.h */,
				B8E46A0C10AFBCB2000A27C5 /* FBPermissionDialog.h */,
				B8E46A0D10AFBCB2000A27C5 /* FBRequest.h */,
				B8E46A0E10AFBCB2000A27C5 /* FBSession.h */,
				B8E46A0F10AFBCB2000A27C5 /* FBStreamDialog.h */,
			);
			path = FBConnect;
			sourceTree = "<group>";
		};
		DA72140F10BE1BAB000EB4CC /* FB Sources */ = {
			isa = PBXGroup;
			children = (
				B8E46A1010AFBCB2000A27C5 /* FBConnectGlobal.m */,
				B8E46A1110AFBCB2000A27C5 /* FBDialog.m */,
				B8E46A1210AFBCB2000A27C5 /* FBFeedDialog.m */,
				B8E46A1310AFBCB2000A27C5 /* FBLoginButton.m */,
				B8E46A1410AFBCB2000A27C5 /* FBLoginDialog.m */,
				B8E46A1510AFBCB2000A27C5 /* FBPermissionDialog.m */,
				B8E46A1610AFBCB2000A27C5 /* FBRequest.m */,
				B8E46A1710AFBCB2000A27C5 /* FBSession.m */,
				B8E46A1810AFBCB2000A27C5 /* FBStreamDialog.m */,
				B8E46A1910AFBCB2000A27C5 /* FBXMLHandler.h */,
				B8E46A1A10AFBCB2000A27C5 /* FBXMLHandler.m */,
			);
			name = "FB Sources";
			sourceTree = "<group>";
		};
		DAA6D65D10B62B4F00E2E0B0 /* RPC */ = {
			isa = PBXGroup;
			children = (
				DAA6D64410B61E8700E2E0B0 /* RemoteModel.h */,
				DAA6DB8A10B7120000E2E0B0 /* RemoteModel.m */,
				DAA6D65A10B62B4B00E2E0B0 /* RPCPostData.h */,
				DAA6D65B10B62B4B00E2E0B0 /* RPCPostData.m */,
				DAA6D77210B64BA600E2E0B0 /* RPCURLConnection.h */,
				DAA6D77310B64BA600E2E0B0 /* RPCURLConnection.m */,
				DAA6D8D110B683C800E2E0B0 /* RPCPostRequest.h */,
				DAA6D8D210B683C800E2E0B0 /* RPCPostRequest.m */,
				DA62F7E810B7BE87008655A9 /* RPCURLResponse.h */,
				DA62F7E910B7BE87008655A9 /* RPCURLResponse.m */,
			);
			name = RPC;
			sourceTree = "<group>";
		};
		DAA6DA4F10B6A9E900E2E0B0 /* XML */ = {
			isa = PBXGroup;
			children = (
				DAA6DA5010B6A9FC00E2E0B0 /* XMLEventParser.h */,
				DAA6DA5110B6A9FC00E2E0B0 /* XMLEventParser.m */,
				DAA6DA6C10B6AD0E00E2E0B0 /* XMLPersonParser.h */,
				DAA6DA6D10B6AD0E00E2E0B0 /* XMLPersonParser.m */,
				DA62F5B010B75949008655A9 /* XMLGroupParser.h */,
				DA62F5B110B75949008655A9 /* XMLGroupParser.m */,
				DA0AF12B10BA21B900220C1D /* XMLMessagesParser.h */,
				DA0AF12C10BA21B900220C1D /* XMLMessagesParser.m */,
				DA0AF3C010BB645500220C1D /* XMLWaypointsParser.h */,
				DA0AF3C110BB645500220C1D /* XMLWaypointsParser.m */,
				DA7210E310BC0956000EB4CC /* XMLFriendsParser.h */,
				DA7210E410BC0956000EB4CC /* XMLFriendsParser.m */,
			);
			name = XML;
			sourceTree = "<group>";
		};
/* End PBXGroup section */

/* Begin PBXNativeTarget section */
		1D6058900D05DD3D006BFB54 /* Test1 */ = {
			isa = PBXNativeTarget;
			buildConfigurationList = 1D6058960D05DD3E006BFB54 /* Build configuration list for PBXNativeTarget "Test1" */;
			buildPhases = (
				1D60588D0D05DD3D006BFB54 /* Resources */,
				1D60588E0D05DD3D006BFB54 /* Sources */,
				1D60588F0D05DD3D006BFB54 /* Frameworks */,
			);
			buildRules = (
			);
			dependencies = (
			);
			name = Test1;
			productName = Test1;
			productReference = DA9E25C710C259D00065BB87 /* Test1.app */;
			productType = "com.apple.product-type.application";
		};
/* End PBXNativeTarget section */

/* Begin PBXProject section */
		29B97313FDCFA39411CA2CEA /* Project object */ = {
			isa = PBXProject;
			buildConfigurationList = C01FCF4E08A954540054247B /* Build configuration list for PBXProject "Test1" */;
			compatibilityVersion = "Xcode 3.1";
			hasScannedForEncodings = 1;
			mainGroup = 29B97314FDCFA39411CA2CEA /* CustomTemplate */;
			projectDirPath = "";
			projectRoot = "";
			targets = (
				1D6058900D05DD3D006BFB54 /* Test1 */,
			);
		};
/* End PBXProject section */

/* Begin PBXResourcesBuildPhase section */
		1D60588D0D05DD3D006BFB54 /* Resources */ = {
			isa = PBXResourcesBuildPhase;
			buildActionMask = 2147483647;
			files = (
				28AD733F0D9D9553002E5188 /* MainWindow.xib in Resources */,
				DAE6556D10A25042007BB25E /* MapViewController.xib in Resources */,
				DAE6558B10A250D0007BB25E /* GroupiesViewController.xib in Resources */,
				DAE6559A10A25DBC007BB25E /* Icon2.png in Resources */,
				DA71078E10A295B100DAD536 /* 103-map.png in Resources */,
				DA71079010A295E400DAD536 /* map-marker.png in Resources */,
				DA71079E10A2973200DAD536 /* 74-location.png in Resources */,
				DA7107A210A297A700DAD536 /* 08-chat.png in Resources */,
				DA7107A410A297AD00DAD536 /* 09-chat2.png in Resources */,
				DA7107A910A299F800DAD536 /* 59-flag.png in Resources */,
				DA7107C110A29C2700DAD536 /* 30x-Chat.png in Resources */,
				DA7107C210A29C2700DAD536 /* 30x-Chats.png in Resources */,
				DA7107C410A29C9300DAD536 /* 30x-Scanner.png in Resources */,
				DA7107C710A29D6D00DAD536 /* icon_user.png in Resources */,
				DA7107C810A29D6D00DAD536 /* icon_users.png in Resources */,
				B8632D8410B013F10025684E /* groupies.plist in Resources */,
				B86A54BA10B2778300A946C7 /* GroupiesDetailViewController.xib in Resources */,
				DACEFF1610B3465A00944021 /* RegisterViewController.xib in Resources */,
				DACEFF1910B3473500944021 /* Icon1_bigger.png in Resources */,
				B8456D4810B37C45005EA08C /* ImportFriendsViewController.xib in Resources */,
				DAB5E69C10B3F20300AF521B /* AddWaypointViewController.xib in Resources */,
				F98A184210B4C8C700CF204B /* FeedViewController.xib in Resources */,
				DA0AF1A810BA5BFF00220C1D /* README.MODEL.txt in Resources */,
				DA0AF2B710BA721500220C1D /* README.txt in Resources */,
				DA720F3E10BBD722000EB4CC /* Connect_iphone.png in Resources */,
				DA720F4110BBD773000EB4CC /* Connect_with_facebook_iphone.png in Resources */,
				F9B7F8A710BE6885004FCC8A /* FeedDetailViewController.xib in Resources */,
				DA7217B510BF3F2E000EB4CC /* dot.png in Resources */,
				DA72187310BF891A000EB4CC /* Entitlements.plist in Resources */,
				DA7D033610C10BC000A58AC0 /* MyGroupViewController.xib in Resources */,
				DA7D034610C10CB000A58AC0 /* CreateGroupModalViewController.xib in Resources */,
			);
			runOnlyForDeploymentPostprocessing = 0;
		};
/* End PBXResourcesBuildPhase section */

/* Begin PBXSourcesBuildPhase section */
		1D60588E0D05DD3D006BFB54 /* Sources */ = {
			isa = PBXSourcesBuildPhase;
			buildActionMask = 2147483647;
			files = (
				1D60589B0D05DD56006BFB54 /* main.m in Sources */,
				1D3623260D0F684500981E51 /* Test1AppDelegate.m in Sources */,
				DAE6556C10A25042007BB25E /* MapViewController.m in Sources */,
				DAE6558A10A250D0007BB25E /* GroupiesViewController.m in Sources */,
				DAE6559110A250FB007BB25E /* FeedViewController.m in Sources */,
				B8E46A1B10AFBCB2000A27C5 /* FBConnectGlobal.m in Sources */,
				B8E46A1C10AFBCB2000A27C5 /* FBDialog.m in Sources */,
				B8E46A1D10AFBCB2000A27C5 /* FBFeedDialog.m in Sources */,
				B8E46A1E10AFBCB2000A27C5 /* FBLoginButton.m in Sources */,
				B8E46A1F10AFBCB2000A27C5 /* FBLoginDialog.m in Sources */,
				B8E46A2010AFBCB2000A27C5 /* FBPermissionDialog.m in Sources */,
				B8E46A2110AFBCB2000A27C5 /* FBRequest.m in Sources */,
				B8E46A2210AFBCB2000A27C5 /* FBSession.m in Sources */,
				B8E46A2310AFBCB2000A27C5 /* FBStreamDialog.m in Sources */,
				B8E46A2410AFBCB2000A27C5 /* FBXMLHandler.m in Sources */,
				B8632DC210B026140025684E /* NSDictionary-MutableDeepCopy.m in Sources */,
				B832FA0E10B26FBB00F50C41 /* GroupiesNavigationController.m in Sources */,
				B86A54B910B2778300A946C7 /* GroupiesDetailViewController.m in Sources */,
				B873402110B27F0F00F24336 /* BurbleDataManager.m in Sources */,
				B88CFFA610B27FD5002BDA85 /* Person.m in Sources */,
				B88C002410B2890A002BDA85 /* Group.m in Sources */,
				B88C002710B28914002BDA85 /* Message.m in Sources */,
				B88C002A10B2891B002BDA85 /* Position.m in Sources */,
				DACEFEA810B3360400944021 /* MapNavigationController.m in Sources */,
				DACEFF1510B3465A00944021 /* RegisterViewController.m in Sources */,
				B8456D4710B37C45005EA08C /* ImportFriendsViewController.m in Sources */,
				DACE005E10B3939500944021 /* AddWaypointViewController.m in Sources */,
				DACE015610B3C4C300944021 /* AddWaypointOverlayView.m in Sources */,
				DACE023610B3E2D800944021 /* Waypoint.m in Sources */,
				F98A184910B4C93100CF204B /* FeedNagivationController.m in Sources */,
				DAA6D65C10B62B4B00E2E0B0 /* RPCPostData.m in Sources */,
				DAA6D77410B64BA600E2E0B0 /* RPCURLConnection.m in Sources */,
				DAA6D8D310B683C800E2E0B0 /* RPCPostRequest.m in Sources */,
				DAA6DA5210B6A9FC00E2E0B0 /* XMLEventParser.m in Sources */,
				DAA6DA6E10B6AD0E00E2E0B0 /* XMLPersonParser.m in Sources */,
				DAA6DB8B10B7120000E2E0B0 /* RemoteModel.m in Sources */,
				DA62F5B210B75949008655A9 /* XMLGroupParser.m in Sources */,
				DA62F7EA10B7BE87008655A9 /* RPCURLResponse.m in Sources */,
				DA0AF12D10BA21B900220C1D /* XMLMessagesParser.m in Sources */,
				DA0AF3C210BB645500220C1D /* XMLWaypointsParser.m in Sources */,
				DA7210E510BC0956000EB4CC /* XMLFriendsParser.m in Sources */,
				DA7215DC10BE7E66000EB4CC /* Util.m in Sources */,
				F9B7F8A610BE6885004FCC8A /* FeedDetailViewController.m in Sources */,
				DA7D033410C10BC000A58AC0 /* MyGroupNavigationController.m in Sources */,
				DA7D033510C10BC000A58AC0 /* MyGroupViewController.m in Sources */,
				DA7D034510C10CB000A58AC0 /* CreateGroupModalViewController.m in Sources */,
			);
			runOnlyForDeploymentPostprocessing = 0;
		};
/* End PBXSourcesBuildPhase section */

/* Begin XCBuildConfiguration section */
		1D6058940D05DD3E006BFB54 /* Debug */ = {
			isa = XCBuildConfiguration;
			buildSettings = {
				ALWAYS_SEARCH_USER_PATHS = NO;
				COPY_PHASE_STRIP = NO;
				GCC_DYNAMIC_NO_PIC = NO;
				GCC_OPTIMIZATION_LEVEL = 0;
				GCC_PRECOMPILE_PREFIX_HEADER = YES;
				GCC_PREFIX_HEADER = Test1_Prefix.pch;
				INFOPLIST_FILE = "Test1-Info.plist";
				PRODUCT_NAME = Test1;
			};
			name = Debug;
		};
		1D6058950D05DD3E006BFB54 /* Release */ = {
			isa = XCBuildConfiguration;
			buildSettings = {
				ALWAYS_SEARCH_USER_PATHS = NO;
				COPY_PHASE_STRIP = YES;
				GCC_PRECOMPILE_PREFIX_HEADER = YES;
				GCC_PREFIX_HEADER = Test1_Prefix.pch;
				INFOPLIST_FILE = "Test1-Info.plist";
				PRODUCT_NAME = Test1;
			};
			name = Release;
		};
		C01FCF4F08A954540054247B /* Debug */ = {
			isa = XCBuildConfiguration;
			buildSettings = {
				ARCHS = "$(ARCHS_STANDARD_32_BIT)";
				"CODE_SIGN_IDENTITY[sdk=iphoneos*]" = "iPhone Developer";
				GCC_C_LANGUAGE_STANDARD = c99;
				GCC_WARN_ABOUT_RETURN_TYPE = YES;
				GCC_WARN_UNUSED_VARIABLE = YES;
				HEADER_SEARCH_PATHS = "./**";
				PREBINDING = NO;
				SDKROOT = iphoneos3.1.2;
			};
			name = Debug;
		};
		C01FCF5008A954540054247B /* Release */ = {
			isa = XCBuildConfiguration;
			buildSettings = {
				ARCHS = "$(ARCHS_STANDARD_32_BIT)";
				"CODE_SIGN_IDENTITY[sdk=iphoneos*]" = "iPhone Developer";
				GCC_C_LANGUAGE_STANDARD = c99;
				GCC_WARN_ABOUT_RETURN_TYPE = YES;
				GCC_WARN_UNUSED_VARIABLE = YES;
				HEADER_SEARCH_PATHS = "./**";
				PREBINDING = NO;
				SDKROOT = iphoneos3.1.2;
			};
			name = Release;
		};
		DA72186410BF882C000EB4CC /* Distribution */ = {
			isa = XCBuildConfiguration;
			buildSettings = {
				ARCHS = "$(ARCHS_STANDARD_32_BIT)";
				"CODE_SIGN_IDENTITY[sdk=iphoneos*]" = "iPhone Distribution";
				GCC_C_LANGUAGE_STANDARD = c99;
				GCC_WARN_ABOUT_RETURN_TYPE = YES;
				GCC_WARN_UNUSED_VARIABLE = YES;
				HEADER_SEARCH_PATHS = "./**";
				PREBINDING = NO;
				"PROVISIONING_PROFILE[sdk=iphoneos*]" = "";
				SDKROOT = iphoneos3.1.2;
			};
			name = Distribution;
		};
		DA72186510BF882C000EB4CC /* Distribution */ = {
			isa = XCBuildConfiguration;
			buildSettings = {
				ALWAYS_SEARCH_USER_PATHS = NO;
				CODE_SIGN_ENTITLEMENTS = Entitlements.plist;
				COPY_PHASE_STRIP = YES;
				GCC_PRECOMPILE_PREFIX_HEADER = YES;
				GCC_PREFIX_HEADER = Test1_Prefix.pch;
				INFOPLIST_FILE = "Test1-Info.plist";
				PRODUCT_NAME = Test1;
			};
			name = Distribution;
		};
		DA7218CD10BFD8E6000EB4CC /* Distribution Debug */ = {
			isa = XCBuildConfiguration;
			buildSettings = {
				ARCHS = "$(ARCHS_STANDARD_32_BIT)";
				CODE_SIGN_ENTITLEMENTS = Entitlements.plist;
				"CODE_SIGN_IDENTITY[sdk=iphoneos*]" = "iPhone Distribution: Niels Joubert";
				GCC_C_LANGUAGE_STANDARD = c99;
				GCC_WARN_ABOUT_RETURN_TYPE = YES;
				GCC_WARN_UNUSED_VARIABLE = YES;
				HEADER_SEARCH_PATHS = "./**";
				PREBINDING = NO;
				"PROVISIONING_PROFILE[sdk=iphoneos*]" = "DE17AAF7-4BC1-4ACA-BDB3-A3DF359F3C35";
				SDKROOT = iphoneos3.1.2;
			};
			name = "Distribution Debug";
		};
		DA7218CE10BFD8E6000EB4CC /* Distribution Debug */ = {
			isa = XCBuildConfiguration;
			buildSettings = {
				ALWAYS_SEARCH_USER_PATHS = NO;
				COPY_PHASE_STRIP = NO;
				GCC_DYNAMIC_NO_PIC = NO;
				GCC_OPTIMIZATION_LEVEL = 0;
				GCC_PRECOMPILE_PREFIX_HEADER = YES;
				GCC_PREFIX_HEADER = Test1_Prefix.pch;
				INFOPLIST_FILE = "Test1-Info.plist";
				PRODUCT_NAME = Test1;
			};
			name = "Distribution Debug";
		};
/* End XCBuildConfiguration section */

/* Begin XCConfigurationList section */
		1D6058960D05DD3E006BFB54 /* Build configuration list for PBXNativeTarget "Test1" */ = {
			isa = XCConfigurationList;
			buildConfigurations = (
				1D6058940D05DD3E006BFB54 /* Debug */,
				DA7218CE10BFD8E6000EB4CC /* Distribution Debug */,
				1D6058950D05DD3E006BFB54 /* Release */,
				DA72186510BF882C000EB4CC /* Distribution */,
			);
			defaultConfigurationIsVisible = 0;
			defaultConfigurationName = Release;
		};
		C01FCF4E08A954540054247B /* Build configuration list for PBXProject "Test1" */ = {
			isa = XCConfigurationList;
			buildConfigurations = (
				C01FCF4F08A954540054247B /* Debug */,
				DA7218CD10BFD8E6000EB4CC /* Distribution Debug */,
				C01FCF5008A954540054247B /* Release */,
				DA72186410BF882C000EB4CC /* Distribution */,
			);
			defaultConfigurationIsVisible = 0;
			defaultConfigurationName = Release;
		};
/* End XCConfigurationList section */
	};
	rootObject = 29B97313FDCFA39411CA2CEA /* Project object */;
}
